{
  "pins" : [
    {
      "identity" : "chartview",
      "kind" : "remoteSourceControl",
      "location" : "https://github.com/AppPear/ChartView",
      "state" : {
        "revision" : "caa75ecbc0d68f2b50d714909566406f80214186",
        "version" : "2.0.0-beta.2"
      }
    },
    {
      "identity" : "keyboardtoolbarsswiftui",
      "kind" : "remoteSourceControl",
      "location" : "https://github.com/ArnavMotwani/KeyboardToolbarsSwiftUI.git",
      "state" : {
        "revision" : "203ed27ee7fc2d7529a1b7e8b18e36651fe680d7",
        "version" : "1.0.0"
      }
    },
    {
      "identity" : "kingfisher",
      "kind" : "remoteSourceControl",
      "location" : "https://github.com/onevcat/Kingfisher.git",
      "state" : {
        "revision" : "af4be924ad984cf4d16f4ae4df424e79a443d435",
        "version" : "7.6.2"
      }
    },
    {
      "identity" : "swiftui-segues",
      "kind" : "remoteSourceControl",
      "location" : "https://github.com/globulus/swiftui-segues",
      "state" : {
        "revision" : "5a2e4fe15d789ded9160705692f6e1dfc825a76e",
        "version" : "1.1.0"
      }
    }
  ],
  "version" : 2
}
