{
  "pins" : [
    {
      "identity" : "chartview",
      "kind" : "remoteSourceControl",
      "location" : "https://github.com/AppPear/ChartView",
      "state" : {
        "revision" : "caa75ecbc0d68f2b50d714909566406f80214186",
        "version" : "2.0.0-beta.2"
      }
    },
    {
      "identity" : "keyboardtoolbarsswiftui",
      "kind" : "remoteSourceControl",
      "location" : "https://github.com/ArnavMotwani/KeyboardToolbarsSwiftUI.git",
      "state" : {
        "revision" : "203ed27ee7fc2d7529a1b7e8b18e36651fe680d7",
        "version" : "1.0.0"
      }
    },
    {
      "identity" : "sdwebimage",
      "kind" : "remoteSourceControl",
      "location" : "https://github.com/SDWebImage/SDWebImage.git",
      "state" : {
        "revision" : "fb50c1d20f24db5322b2f8f379de3618f75fe08e",
        "version" : "5.15.5"
      }
    },
    {
      "identity" : "sdwebimageswiftui",
      "kind" : "remoteSourceControl",
      "location" : "https://github.com/SDWebImage/SDWebImageSwiftUI.git",
      "state" : {
        "revision" : "61fefe9c284fd41ddef77d02749e88f00c305196",
        "version" : "2.2.2"
      }
    }
  ],
  "version" : 2
}
