// !$*UTF8*$!
{
	archiveVersion = 1;
	classes = {
	};
	objectVersion = 55;
	objects = {

/* Begin PBXBuildFile section */
		17007E702824525B0084B39B /* SegueTestView.swift in Sources */ = {isa = PBXBuildFile; fileRef = 17007E6F2824525B0084B39B /* SegueTestView.swift */; };
		171C1724280AE513004F17DE /* RecipeDetailView.swift in Sources */ = {isa = PBXBuildFile; fileRef = 171C1723280AE513004F17DE /* RecipeDetailView.swift */; };
		173F05532810AC5D0058D1F2 /* ActivityProgressView.swift in Sources */ = {isa = PBXBuildFile; fileRef = 173F05522810AC5D0058D1F2 /* ActivityProgressView.swift */; };
		1747ABFB28C39E8300138938 /* Excercise.swift in Sources */ = {isa = PBXBuildFile; fileRef = 1747ABFA28C39E8300138938 /* Excercise.swift */; };
		1747AC0028C3BEBE00138938 /* FitnessCard.swift in Sources */ = {isa = PBXBuildFile; fileRef = 1747ABFF28C3BEBE00138938 /* FitnessCard.swift */; };
		17482A7B28047F57006F2186 /* TabBar.swift in Sources */ = {isa = PBXBuildFile; fileRef = 17482A7A28047F57006F2186 /* TabBar.swift */; };
		17482A7F2804832A006F2186 /* HomeView.swift in Sources */ = {isa = PBXBuildFile; fileRef = 17482A7E2804832A006F2186 /* HomeView.swift */; };
		176372DD28C117E4006337A7 /* User.swift in Sources */ = {isa = PBXBuildFile; fileRef = 176372DC28C117E4006337A7 /* User.swift */; };
		176372E028C12445006337A7 /* Kingfisher in Frameworks */ = {isa = PBXBuildFile; productRef = 176372DF28C12445006337A7 /* Kingfisher */; };
		178C8139280A992700EB29C1 /* RecipeCard.swift in Sources */ = {isa = PBXBuildFile; fileRef = 178C8138280A992700EB29C1 /* RecipeCard.swift */; };
		178CCC7428BBE4960074D52E /* PhotoSelectorView.swift in Sources */ = {isa = PBXBuildFile; fileRef = 178CCC7328BBE4960074D52E /* PhotoSelectorView.swift */; };
		178CCC7728BBF8140074D52E /* ImagePicker.swift in Sources */ = {isa = PBXBuildFile; fileRef = 178CCC7628BBF8140074D52E /* ImagePicker.swift */; };
		178CCC7928BC035C0074D52E /* ImageUploader.swift in Sources */ = {isa = PBXBuildFile; fileRef = 178CCC7828BC035C0074D52E /* ImageUploader.swift */; };
		178CEBC52809B82700D6DD25 /* AddDishButton.swift in Sources */ = {isa = PBXBuildFile; fileRef = 178CEBC42809B82700D6DD25 /* AddDishButton.swift */; };
		1791A78B281AE55000FB69E2 /* AddFoodView.swift in Sources */ = {isa = PBXBuildFile; fileRef = 1791A78A281AE55000FB69E2 /* AddFoodView.swift */; };
		179DDB2B2803441D00049C65 /* RecipesView.swift in Sources */ = {isa = PBXBuildFile; fileRef = 179DDB2A2803441D00049C65 /* RecipesView.swift */; };
		179DDB2D2803443200049C65 /* ForumView.swift in Sources */ = {isa = PBXBuildFile; fileRef = 179DDB2C2803443200049C65 /* ForumView.swift */; };
		17A08FB328C3410500CD3D92 /* Recipe.swift in Sources */ = {isa = PBXBuildFile; fileRef = 17A08FB228C3410500CD3D92 /* Recipe.swift */; };
		17A92CFF2801DCEA000CF34F /* miseFoodTrackerApp.swift in Sources */ = {isa = PBXBuildFile; fileRef = 17A92CFE2801DCEA000CF34F /* miseFoodTrackerApp.swift */; };
		17A92D012801DCEA000CF34F /* ContentView.swift in Sources */ = {isa = PBXBuildFile; fileRef = 17A92D002801DCEA000CF34F /* ContentView.swift */; };
		17A92D032801DCEC000CF34F /* Assets.xcassets in Resources */ = {isa = PBXBuildFile; fileRef = 17A92D022801DCEC000CF34F /* Assets.xcassets */; };
		17A92D062801DCEC000CF34F /* Preview Assets.xcassets in Resources */ = {isa = PBXBuildFile; fileRef = 17A92D052801DCEC000CF34F /* Preview Assets.xcassets */; };
		17ABAE5E2827D75A0059E52A /* MakeCard.swift in Sources */ = {isa = PBXBuildFile; fileRef = 17ABAE5D2827D75A0059E52A /* MakeCard.swift */; };
		17AD15E42826EF460023C0EF /* ActivityProgressRow.swift in Sources */ = {isa = PBXBuildFile; fileRef = 17AD15E32826EF460023C0EF /* ActivityProgressRow.swift */; };
		17B1A4DB2826A1E100F1CDEC /* FitnessView.swift in Sources */ = {isa = PBXBuildFile; fileRef = 17B1A4DA2826A1E100F1CDEC /* FitnessView.swift */; };
		17CC53EF2827E1A7006A8FFD /* SwiftUICharts in Frameworks */ = {isa = PBXBuildFile; productRef = 17CC53EE2827E1A7006A8FFD /* SwiftUICharts */; };
		17D9D151281C3AB800DD0406 /* SwiftUISegues in Frameworks */ = {isa = PBXBuildFile; productRef = 17D9D150281C3AB800DD0406 /* SwiftUISegues */; };
		17D9D156281C3EF700DD0406 /* DailyCaloriesChart.swift in Sources */ = {isa = PBXBuildFile; fileRef = 17D9D155281C3EF700DD0406 /* DailyCaloriesChart.swift */; };
		17F01E7F28A2C81500285894 /* LoginView.swift in Sources */ = {isa = PBXBuildFile; fileRef = 17F01E7E28A2C81500285894 /* LoginView.swift */; };
		17F01E8128A2C84800285894 /* RegistrationView.swift in Sources */ = {isa = PBXBuildFile; fileRef = 17F01E8028A2C84800285894 /* RegistrationView.swift */; };
		17F01E8328A2C8B900285894 /* CustomInputFields.swift in Sources */ = {isa = PBXBuildFile; fileRef = 17F01E8228A2C8B900285894 /* CustomInputFields.swift */; };
		17F01E8528A2C8FD00285894 /* AuthenticationHeaderView.swift in Sources */ = {isa = PBXBuildFile; fileRef = 17F01E8428A2C8FD00285894 /* AuthenticationHeaderView.swift */; };
		17F01E8728A2C94F00285894 /* RoundedShape.swift in Sources */ = {isa = PBXBuildFile; fileRef = 17F01E8628A2C94F00285894 /* RoundedShape.swift */; };
		17FE3DDB28C4BBFB00B7590E /* FitnessDetailView.swift in Sources */ = {isa = PBXBuildFile; fileRef = 17FE3DDA28C4BBFB00B7590E /* FitnessDetailView.swift */; };
		2C049F0D2901AD4A006ECB21 /* Post.swift in Sources */ = {isa = PBXBuildFile; fileRef = 2C049F0C2901AD4A006ECB21 /* Post.swift */; };
		2C082D8729CC843E00371FE9 /* Extensions.swift in Sources */ = {isa = PBXBuildFile; fileRef = 2C082D8629CC843E00371FE9 /* Extensions.swift */; };
		2C082D8929CC925E00371FE9 /* ChartTest.swift in Sources */ = {isa = PBXBuildFile; fileRef = 2C082D8829CC925E00371FE9 /* ChartTest.swift */; };
		2C2F7FDB296C076B003F3F76 /* HapticFeedback.swift in Sources */ = {isa = PBXBuildFile; fileRef = 2C2F7FDA296C076B003F3F76 /* HapticFeedback.swift */; };
		2C362BC329D1998700397AAC /* AuthService.swift in Sources */ = {isa = PBXBuildFile; fileRef = 2C362BC229D1998700397AAC /* AuthService.swift */; };
		2C56DEE829546FAF006A4A5A /* RingView.swift in Sources */ = {isa = PBXBuildFile; fileRef = 2C56DEE729546FAF006A4A5A /* RingView.swift */; };
		2C63538128F0A7E40061A701 /* PostDetail.swift in Sources */ = {isa = PBXBuildFile; fileRef = 2C63538028F0A7E40061A701 /* PostDetail.swift */; };
		2C64C03E294B7C9F00E9305F /* DropdownList.swift in Sources */ = {isa = PBXBuildFile; fileRef = 2C64C03D294B7C9F00E9305F /* DropdownList.swift */; };
		2C64C040294B931600E9305F /* ProfileSettingsView.swift in Sources */ = {isa = PBXBuildFile; fileRef = 2C64C03F294B931600E9305F /* ProfileSettingsView.swift */; };
		2C6A161728F17F5200D9DDE4 /* ReplyRow.swift in Sources */ = {isa = PBXBuildFile; fileRef = 2C6A161628F17F5200D9DDE4 /* ReplyRow.swift */; };
		2C6A161928F1C79500D9DDE4 /* AddNewPost.swift in Sources */ = {isa = PBXBuildFile; fileRef = 2C6A161828F1C79400D9DDE4 /* AddNewPost.swift */; };
		2C6E96C528E49B78000159C4 /* PostRow.swift in Sources */ = {isa = PBXBuildFile; fileRef = 2C6E96C428E49B78000159C4 /* PostRow.swift */; };
		2C72F33629058249004BBB8A /* PullToRefresh.swift in Sources */ = {isa = PBXBuildFile; fileRef = 2C72F33529058249004BBB8A /* PullToRefresh.swift */; };
		2C74B75C2950BB510063A4F4 /* NotificationsSettings.swift in Sources */ = {isa = PBXBuildFile; fileRef = 2C74B75B2950BB510063A4F4 /* NotificationsSettings.swift */; };
		2C74B75E2950EE580063A4F4 /* MeasurementsSettings.swift in Sources */ = {isa = PBXBuildFile; fileRef = 2C74B75D2950EE580063A4F4 /* MeasurementsSettings.swift */; };
		2C7918F3296DB519009F2194 /* DishView.swift in Sources */ = {isa = PBXBuildFile; fileRef = 2C7918F2296DB519009F2194 /* DishView.swift */; };
		2C7918F5296DBC35009F2194 /* DishDetailConfirm.swift in Sources */ = {isa = PBXBuildFile; fileRef = 2C7918F4296DBC35009F2194 /* DishDetailConfirm.swift */; };
		2C7918F7296DBFB1009F2194 /* DishDetailButton.swift in Sources */ = {isa = PBXBuildFile; fileRef = 2C7918F6296DBFB1009F2194 /* DishDetailButton.swift */; };
		2C79C8D529BF71DF00243940 /* KeychainService.swift in Sources */ = {isa = PBXBuildFile; fileRef = 2C79C8D429BF71DF00243940 /* KeychainService.swift */; };
		2C8F034E296F0B67003AA27C /* DishDetailChart.swift in Sources */ = {isa = PBXBuildFile; fileRef = 2C8F034D296F0B67003AA27C /* DishDetailChart.swift */; };
		2CB5DE2C29B8E3C300F34FC4 /* AuthViewModel.swift in Sources */ = {isa = PBXBuildFile; fileRef = 2CB5DE2B29B8E3C300F34FC4 /* AuthViewModel.swift */; };
		2CC4196829B8E8ED00B064B9 /* SettingsView.swift in Sources */ = {isa = PBXBuildFile; fileRef = 2CC4196729B8E8ED00B064B9 /* SettingsView.swift */; };
		2CC4196A29B8E8FD00B064B9 /* SettingsRow.swift in Sources */ = {isa = PBXBuildFile; fileRef = 2CC4196929B8E8FD00B064B9 /* SettingsRow.swift */; };
		2CE35E6D2943B0AA00674348 /* AddNewRecipe.swift in Sources */ = {isa = PBXBuildFile; fileRef = 2CE35E6C2943B0AA00674348 /* AddNewRecipe.swift */; };
		2CEADAB42953204D002AA0A0 /* PostRowTest.swift in Sources */ = {isa = PBXBuildFile; fileRef = 2CEADAB32953204D002AA0A0 /* PostRowTest.swift */; };
		2CEADAB8295330D2002AA0A0 /* AddShadow.swift in Sources */ = {isa = PBXBuildFile; fileRef = 2CEADAB7295330D2002AA0A0 /* AddShadow.swift */; };
		2CF44A6928ECBB26001689A8 /* SearchBar.swift in Sources */ = {isa = PBXBuildFile; fileRef = 2CF44A6828ECBB26001689A8 /* SearchBar.swift */; };
		2CFC2B3229705BF800451922 /* RegistrationButton.swift in Sources */ = {isa = PBXBuildFile; fileRef = 2CFC2B3129705BF800451922 /* RegistrationButton.swift */; };
/* End PBXBuildFile section */

/* Begin PBXFileReference section */
		17007E6F2824525B0084B39B /* SegueTestView.swift */ = {isa = PBXFileReference; lastKnownFileType = sourcecode.swift; path = SegueTestView.swift; sourceTree = "<group>"; };
		171C1723280AE513004F17DE /* RecipeDetailView.swift */ = {isa = PBXFileReference; lastKnownFileType = sourcecode.swift; path = RecipeDetailView.swift; sourceTree = "<group>"; };
		173F05522810AC5D0058D1F2 /* ActivityProgressView.swift */ = {isa = PBXFileReference; lastKnownFileType = sourcecode.swift; path = ActivityProgressView.swift; sourceTree = "<group>"; };
		1747ABFA28C39E8300138938 /* Excercise.swift */ = {isa = PBXFileReference; lastKnownFileType = sourcecode.swift; path = Excercise.swift; sourceTree = "<group>"; };
		1747ABFF28C3BEBE00138938 /* FitnessCard.swift */ = {isa = PBXFileReference; lastKnownFileType = sourcecode.swift; path = FitnessCard.swift; sourceTree = "<group>"; };
		17482A7A28047F57006F2186 /* TabBar.swift */ = {isa = PBXFileReference; lastKnownFileType = sourcecode.swift; path = TabBar.swift; sourceTree = "<group>"; };
		17482A7E2804832A006F2186 /* HomeView.swift */ = {isa = PBXFileReference; lastKnownFileType = sourcecode.swift; path = HomeView.swift; sourceTree = "<group>"; };
		176372DC28C117E4006337A7 /* User.swift */ = {isa = PBXFileReference; lastKnownFileType = sourcecode.swift; path = User.swift; sourceTree = "<group>"; };
		178C8138280A992700EB29C1 /* RecipeCard.swift */ = {isa = PBXFileReference; lastKnownFileType = sourcecode.swift; path = RecipeCard.swift; sourceTree = "<group>"; };
		178CCC7328BBE4960074D52E /* PhotoSelectorView.swift */ = {isa = PBXFileReference; lastKnownFileType = sourcecode.swift; path = PhotoSelectorView.swift; sourceTree = "<group>"; };
		178CCC7628BBF8140074D52E /* ImagePicker.swift */ = {isa = PBXFileReference; lastKnownFileType = sourcecode.swift; path = ImagePicker.swift; sourceTree = "<group>"; };
		178CCC7828BC035C0074D52E /* ImageUploader.swift */ = {isa = PBXFileReference; lastKnownFileType = sourcecode.swift; path = ImageUploader.swift; sourceTree = "<group>"; };
		178CEBC42809B82700D6DD25 /* AddDishButton.swift */ = {isa = PBXFileReference; lastKnownFileType = sourcecode.swift; path = AddDishButton.swift; sourceTree = "<group>"; };
		1791A78A281AE55000FB69E2 /* AddFoodView.swift */ = {isa = PBXFileReference; lastKnownFileType = sourcecode.swift; path = AddFoodView.swift; sourceTree = "<group>"; };
		179DDB2A2803441D00049C65 /* RecipesView.swift */ = {isa = PBXFileReference; lastKnownFileType = sourcecode.swift; path = RecipesView.swift; sourceTree = "<group>"; };
		179DDB2C2803443200049C65 /* ForumView.swift */ = {isa = PBXFileReference; lastKnownFileType = sourcecode.swift; path = ForumView.swift; sourceTree = "<group>"; };
		17A08FB228C3410500CD3D92 /* Recipe.swift */ = {isa = PBXFileReference; lastKnownFileType = sourcecode.swift; path = Recipe.swift; sourceTree = "<group>"; };
		17A92CFB2801DCEA000CF34F /* mise-foodtracker.app */ = {isa = PBXFileReference; explicitFileType = wrapper.application; includeInIndex = 0; path = "mise-foodtracker.app"; sourceTree = BUILT_PRODUCTS_DIR; };
		17A92CFE2801DCEA000CF34F /* miseFoodTrackerApp.swift */ = {isa = PBXFileReference; lastKnownFileType = sourcecode.swift; path = miseFoodTrackerApp.swift; sourceTree = "<group>"; };
		17A92D002801DCEA000CF34F /* ContentView.swift */ = {isa = PBXFileReference; lastKnownFileType = sourcecode.swift; path = ContentView.swift; sourceTree = "<group>"; };
		17A92D022801DCEC000CF34F /* Assets.xcassets */ = {isa = PBXFileReference; lastKnownFileType = folder.assetcatalog; path = Assets.xcassets; sourceTree = "<group>"; };
		17A92D052801DCEC000CF34F /* Preview Assets.xcassets */ = {isa = PBXFileReference; lastKnownFileType = folder.assetcatalog; path = "Preview Assets.xcassets"; sourceTree = "<group>"; };
		17ABAE5D2827D75A0059E52A /* MakeCard.swift */ = {isa = PBXFileReference; lastKnownFileType = sourcecode.swift; path = MakeCard.swift; sourceTree = "<group>"; };
		17AD15E32826EF460023C0EF /* ActivityProgressRow.swift */ = {isa = PBXFileReference; lastKnownFileType = sourcecode.swift; path = ActivityProgressRow.swift; sourceTree = "<group>"; };
		17B1A4DA2826A1E100F1CDEC /* FitnessView.swift */ = {isa = PBXFileReference; lastKnownFileType = sourcecode.swift; path = FitnessView.swift; sourceTree = "<group>"; };
		17D9D155281C3EF700DD0406 /* DailyCaloriesChart.swift */ = {isa = PBXFileReference; lastKnownFileType = sourcecode.swift; path = DailyCaloriesChart.swift; sourceTree = "<group>"; };
		17F01E7E28A2C81500285894 /* LoginView.swift */ = {isa = PBXFileReference; lastKnownFileType = sourcecode.swift; path = LoginView.swift; sourceTree = "<group>"; };
		17F01E8028A2C84800285894 /* RegistrationView.swift */ = {isa = PBXFileReference; lastKnownFileType = sourcecode.swift; path = RegistrationView.swift; sourceTree = "<group>"; };
		17F01E8228A2C8B900285894 /* CustomInputFields.swift */ = {isa = PBXFileReference; lastKnownFileType = sourcecode.swift; path = CustomInputFields.swift; sourceTree = "<group>"; };
		17F01E8428A2C8FD00285894 /* AuthenticationHeaderView.swift */ = {isa = PBXFileReference; lastKnownFileType = sourcecode.swift; path = AuthenticationHeaderView.swift; sourceTree = "<group>"; };
		17F01E8628A2C94F00285894 /* RoundedShape.swift */ = {isa = PBXFileReference; lastKnownFileType = sourcecode.swift; path = RoundedShape.swift; sourceTree = "<group>"; };
		17FE3DDA28C4BBFB00B7590E /* FitnessDetailView.swift */ = {isa = PBXFileReference; lastKnownFileType = sourcecode.swift; path = FitnessDetailView.swift; sourceTree = "<group>"; };
		2C049F0C2901AD4A006ECB21 /* Post.swift */ = {isa = PBXFileReference; lastKnownFileType = sourcecode.swift; path = Post.swift; sourceTree = "<group>"; };
		2C082D8629CC843E00371FE9 /* Extensions.swift */ = {isa = PBXFileReference; lastKnownFileType = sourcecode.swift; path = Extensions.swift; sourceTree = "<group>"; };
		2C082D8829CC925E00371FE9 /* ChartTest.swift */ = {isa = PBXFileReference; lastKnownFileType = sourcecode.swift; path = ChartTest.swift; sourceTree = "<group>"; };
		2C2F7FDA296C076B003F3F76 /* HapticFeedback.swift */ = {isa = PBXFileReference; lastKnownFileType = sourcecode.swift; path = HapticFeedback.swift; sourceTree = "<group>"; };
		2C362BC229D1998700397AAC /* AuthService.swift */ = {isa = PBXFileReference; lastKnownFileType = sourcecode.swift; path = AuthService.swift; sourceTree = "<group>"; };
		2C56DEE729546FAF006A4A5A /* RingView.swift */ = {isa = PBXFileReference; fileEncoding = 4; lastKnownFileType = sourcecode.swift; path = RingView.swift; sourceTree = "<group>"; };
		2C63538028F0A7E40061A701 /* PostDetail.swift */ = {isa = PBXFileReference; lastKnownFileType = sourcecode.swift; path = PostDetail.swift; sourceTree = "<group>"; };
		2C64C03D294B7C9F00E9305F /* DropdownList.swift */ = {isa = PBXFileReference; lastKnownFileType = sourcecode.swift; path = DropdownList.swift; sourceTree = "<group>"; };
		2C64C03F294B931600E9305F /* ProfileSettingsView.swift */ = {isa = PBXFileReference; lastKnownFileType = sourcecode.swift; path = ProfileSettingsView.swift; sourceTree = "<group>"; };
		2C6A161628F17F5200D9DDE4 /* ReplyRow.swift */ = {isa = PBXFileReference; lastKnownFileType = sourcecode.swift; path = ReplyRow.swift; sourceTree = "<group>"; };
		2C6A161828F1C79400D9DDE4 /* AddNewPost.swift */ = {isa = PBXFileReference; lastKnownFileType = sourcecode.swift; path = AddNewPost.swift; sourceTree = "<group>"; };
		2C6E96C428E49B78000159C4 /* PostRow.swift */ = {isa = PBXFileReference; lastKnownFileType = sourcecode.swift; path = PostRow.swift; sourceTree = "<group>"; };
		2C72F33529058249004BBB8A /* PullToRefresh.swift */ = {isa = PBXFileReference; lastKnownFileType = sourcecode.swift; path = PullToRefresh.swift; sourceTree = "<group>"; };
		2C74B75B2950BB510063A4F4 /* NotificationsSettings.swift */ = {isa = PBXFileReference; lastKnownFileType = sourcecode.swift; path = NotificationsSettings.swift; sourceTree = "<group>"; };
		2C74B75D2950EE580063A4F4 /* MeasurementsSettings.swift */ = {isa = PBXFileReference; lastKnownFileType = sourcecode.swift; path = MeasurementsSettings.swift; sourceTree = "<group>"; };
		2C7918F2296DB519009F2194 /* DishView.swift */ = {isa = PBXFileReference; lastKnownFileType = sourcecode.swift; path = DishView.swift; sourceTree = "<group>"; };
		2C7918F4296DBC35009F2194 /* DishDetailConfirm.swift */ = {isa = PBXFileReference; lastKnownFileType = sourcecode.swift; path = DishDetailConfirm.swift; sourceTree = "<group>"; };
		2C7918F6296DBFB1009F2194 /* DishDetailButton.swift */ = {isa = PBXFileReference; lastKnownFileType = sourcecode.swift; path = DishDetailButton.swift; sourceTree = "<group>"; };
		2C79C8D429BF71DF00243940 /* KeychainService.swift */ = {isa = PBXFileReference; lastKnownFileType = sourcecode.swift; path = KeychainService.swift; sourceTree = "<group>"; };
		2C8F034D296F0B67003AA27C /* DishDetailChart.swift */ = {isa = PBXFileReference; lastKnownFileType = sourcecode.swift; path = DishDetailChart.swift; sourceTree = "<group>"; };
		2CB5DE2B29B8E3C300F34FC4 /* AuthViewModel.swift */ = {isa = PBXFileReference; lastKnownFileType = sourcecode.swift; path = AuthViewModel.swift; sourceTree = "<group>"; };
		2CC4196729B8E8ED00B064B9 /* SettingsView.swift */ = {isa = PBXFileReference; lastKnownFileType = sourcecode.swift; path = SettingsView.swift; sourceTree = "<group>"; };
		2CC4196929B8E8FD00B064B9 /* SettingsRow.swift */ = {isa = PBXFileReference; lastKnownFileType = sourcecode.swift; path = SettingsRow.swift; sourceTree = "<group>"; };
		2CE35E6C2943B0AA00674348 /* AddNewRecipe.swift */ = {isa = PBXFileReference; lastKnownFileType = sourcecode.swift; path = AddNewRecipe.swift; sourceTree = "<group>"; };
		2CEADAB32953204D002AA0A0 /* PostRowTest.swift */ = {isa = PBXFileReference; lastKnownFileType = sourcecode.swift; path = PostRowTest.swift; sourceTree = "<group>"; };
		2CEADAB7295330D2002AA0A0 /* AddShadow.swift */ = {isa = PBXFileReference; lastKnownFileType = sourcecode.swift; path = AddShadow.swift; sourceTree = "<group>"; };
		2CF44A6828ECBB26001689A8 /* SearchBar.swift */ = {isa = PBXFileReference; lastKnownFileType = sourcecode.swift; path = SearchBar.swift; sourceTree = "<group>"; };
		2CFC2B3129705BF800451922 /* RegistrationButton.swift */ = {isa = PBXFileReference; lastKnownFileType = sourcecode.swift; path = RegistrationButton.swift; sourceTree = "<group>"; };
/* End PBXFileReference section */

/* Begin PBXFrameworksBuildPhase section */
		17A92CF82801DCEA000CF34F /* Frameworks */ = {
			isa = PBXFrameworksBuildPhase;
			buildActionMask = 2147483647;
			files = (
				17D9D151281C3AB800DD0406 /* SwiftUISegues in Frameworks */,
				176372E028C12445006337A7 /* Kingfisher in Frameworks */,
				17CC53EF2827E1A7006A8FFD /* SwiftUICharts in Frameworks */,
			);
			runOnlyForDeploymentPostprocessing = 0;
		};
/* End PBXFrameworksBuildPhase section */

/* Begin PBXGroup section */
		170C633128297DB80048DFA9 /* Recipes */ = {
			isa = PBXGroup;
			children = (
				179DDB2A2803441D00049C65 /* RecipesView.swift */,
				171C1723280AE513004F17DE /* RecipeDetailView.swift */,
				2CE35E6C2943B0AA00674348 /* AddNewRecipe.swift */,
				178C8138280A992700EB29C1 /* RecipeCard.swift */,
			);
			path = Recipes;
			sourceTree = "<group>";
		};
		1728115128BBB36E001B0BC5 /* Settings */ = {
			isa = PBXGroup;
			children = (
				2CC4196929B8E8FD00B064B9 /* SettingsRow.swift */,
				2C64C03F294B931600E9305F /* ProfileSettingsView.swift */,
				2C74B75B2950BB510063A4F4 /* NotificationsSettings.swift */,
				2C74B75D2950EE580063A4F4 /* MeasurementsSettings.swift */,
				2CC4196729B8E8ED00B064B9 /* SettingsView.swift */,
			);
			path = Settings;
			sourceTree = "<group>";
		};
		17425A3B28A2BB380021F61A /* Service */ = {
			isa = PBXGroup;
			children = (
				2C79C8D429BF71DF00243940 /* KeychainService.swift */,
				2C362BC229D1998700397AAC /* AuthService.swift */,
			);
			path = Service;
			sourceTree = "<group>";
		};
		1747ABFC28C3BA6200138938 /* Fitness */ = {
			isa = PBXGroup;
			children = (
				17B1A4DA2826A1E100F1CDEC /* FitnessView.swift */,
				17FE3DDA28C4BBFB00B7590E /* FitnessDetailView.swift */,
				1747ABFF28C3BEBE00138938 /* FitnessCard.swift */,
			);
			path = Fitness;
			sourceTree = "<group>";
		};
		178CCC7528BBF7F00074D52E /* Utilities */ = {
			isa = PBXGroup;
			children = (
				2C56DEE729546FAF006A4A5A /* RingView.swift */,
				17ABAE5D2827D75A0059E52A /* MakeCard.swift */,
				2CEADAB7295330D2002AA0A0 /* AddShadow.swift */,
				178CCC7628BBF8140074D52E /* ImagePicker.swift */,
				17F01E8628A2C94F00285894 /* RoundedShape.swift */,
				2C72F33529058249004BBB8A /* PullToRefresh.swift */,
				2CF44A6828ECBB26001689A8 /* SearchBar.swift */,
				2C2F7FDA296C076B003F3F76 /* HapticFeedback.swift */,
			);
			path = Utilities;
			sourceTree = "<group>";
		};
		178CEBC02809B5E100D6DD25 /* Home */ = {
			isa = PBXGroup;
			children = (
				17482A7E2804832A006F2186 /* HomeView.swift */,
				2C7918F4296DBC35009F2194 /* DishDetailConfirm.swift */,
				2C8F034D296F0B67003AA27C /* DishDetailChart.swift */,
				2C7918F2296DB519009F2194 /* DishView.swift */,
				17D9D155281C3EF700DD0406 /* DailyCaloriesChart.swift */,
				178CEBC42809B82700D6DD25 /* AddDishButton.swift */,
				2C7918F6296DBFB1009F2194 /* DishDetailButton.swift */,
			);
			path = Home;
			sourceTree = "<group>";
		};
		178CEBC32809B63B00D6DD25 /* Model */ = {
			isa = PBXGroup;
			children = (
				176372DC28C117E4006337A7 /* User.swift */,
				17A08FB228C3410500CD3D92 /* Recipe.swift */,
				1747ABFA28C39E8300138938 /* Excercise.swift */,
				2C049F0C2901AD4A006ECB21 /* Post.swift */,
			);
			path = Model;
			sourceTree = "<group>";
		};
		17A92CF22801DCEA000CF34F = {
			isa = PBXGroup;
			children = (
				17A92CFE2801DCEA000CF34F /* miseFoodTrackerApp.swift */,
				178CCC7528BBF7F00074D52E /* Utilities */,
				17F01E7928A2C79000285894 /* Authentication */,
				2C77A4C82948A1AB00233AF4 /* Navigation */,
				178CEBC02809B5E100D6DD25 /* Home */,
				2C77A4CB2948A5E700233AF4 /* Progress */,
				170C633128297DB80048DFA9 /* Recipes */,
				1747ABFC28C3BA6200138938 /* Fitness */,
				2C6E96C328E49B5D000159C4 /* Forum */,
				1728115128BBB36E001B0BC5 /* Settings */,
				178CEBC32809B63B00D6DD25 /* Model */,
				2C77A4CA2948A34A00233AF4 /* ViewModel */,
				17425A3B28A2BB380021F61A /* Service */,
				17B1A4DD2826A24D00F1CDEC /* Concept */,
				2C082D8529CC840C00371FE9 /* Extensions */,
				17A92D042801DCEC000CF34F /* Preview Content */,
				2CA55FE02948AACE00C6A8B1 /* Resources */,
				17A92CFC2801DCEA000CF34F /* Products */,
			);
			sourceTree = "<group>";
		};
		17A92CFC2801DCEA000CF34F /* Products */ = {
			isa = PBXGroup;
			children = (
				17A92CFB2801DCEA000CF34F /* mise-foodtracker.app */,
			);
			name = Products;
			sourceTree = "<group>";
		};
		17A92D042801DCEC000CF34F /* Preview Content */ = {
			isa = PBXGroup;
			children = (
				17A92D052801DCEC000CF34F /* Preview Assets.xcassets */,
			);
			path = "Preview Content";
			sourceTree = "<group>";
		};
		17B1A4DD2826A24D00F1CDEC /* Concept */ = {
			isa = PBXGroup;
			children = (
				1791A78A281AE55000FB69E2 /* AddFoodView.swift */,
				17007E6F2824525B0084B39B /* SegueTestView.swift */,
				2C64C03D294B7C9F00E9305F /* DropdownList.swift */,
				2CEADAB32953204D002AA0A0 /* PostRowTest.swift */,
				2C082D8829CC925E00371FE9 /* ChartTest.swift */,
			);
			path = Concept;
			sourceTree = "<group>";
		};
		17F01E7928A2C79000285894 /* Authentication */ = {
			isa = PBXGroup;
			children = (
				17F01E8228A2C8B900285894 /* CustomInputFields.swift */,
				17F01E8428A2C8FD00285894 /* AuthenticationHeaderView.swift */,
				17F01E7E28A2C81500285894 /* LoginView.swift */,
				2CFC2B3129705BF800451922 /* RegistrationButton.swift */,
				17F01E8028A2C84800285894 /* RegistrationView.swift */,
				178CCC7328BBE4960074D52E /* PhotoSelectorView.swift */,
				178CCC7828BC035C0074D52E /* ImageUploader.swift */,
			);
			path = Authentication;
			sourceTree = "<group>";
		};
		2C082D8529CC840C00371FE9 /* Extensions */ = {
			isa = PBXGroup;
			children = (
				2C082D8629CC843E00371FE9 /* Extensions.swift */,
			);
			path = Extensions;
			sourceTree = "<group>";
		};
		2C6E96C328E49B5D000159C4 /* Forum */ = {
			isa = PBXGroup;
			children = (
				179DDB2C2803443200049C65 /* ForumView.swift */,
				2C6E96C428E49B78000159C4 /* PostRow.swift */,
				2C63538028F0A7E40061A701 /* PostDetail.swift */,
				2C6A161628F17F5200D9DDE4 /* ReplyRow.swift */,
				2C6A161828F1C79400D9DDE4 /* AddNewPost.swift */,
			);
			path = Forum;
			sourceTree = "<group>";
		};
		2C77A4C82948A1AB00233AF4 /* Navigation */ = {
			isa = PBXGroup;
			children = (
				17A92D002801DCEA000CF34F /* ContentView.swift */,
				17482A7A28047F57006F2186 /* TabBar.swift */,
			);
			path = Navigation;
			sourceTree = "<group>";
		};
		2C77A4CA2948A34A00233AF4 /* ViewModel */ = {
			isa = PBXGroup;
			children = (
				2CB5DE2B29B8E3C300F34FC4 /* AuthViewModel.swift */,
			);
			path = ViewModel;
			sourceTree = "<group>";
		};
		2C77A4CB2948A5E700233AF4 /* Progress */ = {
			isa = PBXGroup;
			children = (
				173F05522810AC5D0058D1F2 /* ActivityProgressView.swift */,
				17AD15E32826EF460023C0EF /* ActivityProgressRow.swift */,
			);
			path = Progress;
			sourceTree = "<group>";
		};
		2CA55FE02948AACE00C6A8B1 /* Resources */ = {
			isa = PBXGroup;
			children = (
				17A92D022801DCEC000CF34F /* Assets.xcassets */,
			);
			path = Resources;
			sourceTree = "<group>";
		};
/* End PBXGroup section */

/* Begin PBXNativeTarget section */
		17A92CFA2801DCEA000CF34F /* mise-foodtracker */ = {
			isa = PBXNativeTarget;
			buildConfigurationList = 17A92D092801DCEC000CF34F /* Build configuration list for PBXNativeTarget "mise-foodtracker" */;
			buildPhases = (
				17A92CF72801DCEA000CF34F /* Sources */,
				17A92CF82801DCEA000CF34F /* Frameworks */,
				17A92CF92801DCEA000CF34F /* Resources */,
			);
			buildRules = (
			);
			dependencies = (
			);
			name = "mise-foodtracker";
			packageProductDependencies = (
				17D9D150281C3AB800DD0406 /* SwiftUISegues */,
				17CC53EE2827E1A7006A8FFD /* SwiftUICharts */,
				176372DF28C12445006337A7 /* Kingfisher */,
			);
			productName = maiIncercSiEu;
			productReference = 17A92CFB2801DCEA000CF34F /* mise-foodtracker.app */;
			productType = "com.apple.product-type.application";
		};
/* End PBXNativeTarget section */

/* Begin PBXProject section */
		17A92CF32801DCEA000CF34F /* Project object */ = {
			isa = PBXProject;
			attributes = {
				BuildIndependentTargetsInParallel = 1;
				LastSwiftUpdateCheck = 1320;
				LastUpgradeCheck = 1320;
				TargetAttributes = {
					17A92CFA2801DCEA000CF34F = {
						CreatedOnToolsVersion = 13.2.1;
					};
				};
			};
			buildConfigurationList = 17A92CF62801DCEA000CF34F /* Build configuration list for PBXProject "mise-foodtracker" */;
			compatibilityVersion = "Xcode 13.0";
			developmentRegion = en;
			hasScannedForEncodings = 0;
			knownRegions = (
				en,
				Base,
			);
			mainGroup = 17A92CF22801DCEA000CF34F;
			packageReferences = (
				17D9D14F281C3AB800DD0406 /* XCRemoteSwiftPackageReference "swiftui-segues" */,
				17CC53ED2827E1A7006A8FFD /* XCRemoteSwiftPackageReference "ChartView" */,
				176372DE28C12445006337A7 /* XCRemoteSwiftPackageReference "Kingfisher" */,
			);
			productRefGroup = 17A92CFC2801DCEA000CF34F /* Products */;
			projectDirPath = "";
			projectRoot = "";
			targets = (
				17A92CFA2801DCEA000CF34F /* mise-foodtracker */,
			);
		};
/* End PBXProject section */

/* Begin PBXResourcesBuildPhase section */
		17A92CF92801DCEA000CF34F /* Resources */ = {
			isa = PBXResourcesBuildPhase;
			buildActionMask = 2147483647;
			files = (
				17A92D062801DCEC000CF34F /* Preview Assets.xcassets in Resources */,
				17A92D032801DCEC000CF34F /* Assets.xcassets in Resources */,
			);
			runOnlyForDeploymentPostprocessing = 0;
		};
/* End PBXResourcesBuildPhase section */

/* Begin PBXSourcesBuildPhase section */
		17A92CF72801DCEA000CF34F /* Sources */ = {
			isa = PBXSourcesBuildPhase;
			buildActionMask = 2147483647;
			files = (
				2CE35E6D2943B0AA00674348 /* AddNewRecipe.swift in Sources */,
				2C2F7FDB296C076B003F3F76 /* HapticFeedback.swift in Sources */,
				17ABAE5E2827D75A0059E52A /* MakeCard.swift in Sources */,
				17D9D156281C3EF700DD0406 /* DailyCaloriesChart.swift in Sources */,
				178CCC7928BC035C0074D52E /* ImageUploader.swift in Sources */,
				2C049F0D2901AD4A006ECB21 /* Post.swift in Sources */,
				2C362BC329D1998700397AAC /* AuthService.swift in Sources */,
				2C56DEE829546FAF006A4A5A /* RingView.swift in Sources */,
				17AD15E42826EF460023C0EF /* ActivityProgressRow.swift in Sources */,
				2C64C03E294B7C9F00E9305F /* DropdownList.swift in Sources */,
				2C7918F7296DBFB1009F2194 /* DishDetailButton.swift in Sources */,
				17F01E8728A2C94F00285894 /* RoundedShape.swift in Sources */,
				17A92D012801DCEA000CF34F /* ContentView.swift in Sources */,
				2CEADAB8295330D2002AA0A0 /* AddShadow.swift in Sources */,
				1747ABFB28C39E8300138938 /* Excercise.swift in Sources */,
				17482A7F2804832A006F2186 /* HomeView.swift in Sources */,
				17F01E7F28A2C81500285894 /* LoginView.swift in Sources */,
				2C74B75E2950EE580063A4F4 /* MeasurementsSettings.swift in Sources */,
				178CEBC52809B82700D6DD25 /* AddDishButton.swift in Sources */,
				17F01E8128A2C84800285894 /* RegistrationView.swift in Sources */,
				2C8F034E296F0B67003AA27C /* DishDetailChart.swift in Sources */,
				2C082D8729CC843E00371FE9 /* Extensions.swift in Sources */,
				2CC4196829B8E8ED00B064B9 /* SettingsView.swift in Sources */,
				1747AC0028C3BEBE00138938 /* FitnessCard.swift in Sources */,
				176372DD28C117E4006337A7 /* User.swift in Sources */,
				2C74B75C2950BB510063A4F4 /* NotificationsSettings.swift in Sources */,
				17FE3DDB28C4BBFB00B7590E /* FitnessDetailView.swift in Sources */,
				171C1724280AE513004F17DE /* RecipeDetailView.swift in Sources */,
				178CCC7728BBF8140074D52E /* ImagePicker.swift in Sources */,
				17A92CFF2801DCEA000CF34F /* miseFoodTrackerApp.swift in Sources */,
				1791A78B281AE55000FB69E2 /* AddFoodView.swift in Sources */,
				17F01E8328A2C8B900285894 /* CustomInputFields.swift in Sources */,
				178CCC7428BBE4960074D52E /* PhotoSelectorView.swift in Sources */,
				17B1A4DB2826A1E100F1CDEC /* FitnessView.swift in Sources */,
				179DDB2B2803441D00049C65 /* RecipesView.swift in Sources */,
				2C6A161928F1C79500D9DDE4 /* AddNewPost.swift in Sources */,
				2CEADAB42953204D002AA0A0 /* PostRowTest.swift in Sources */,
				173F05532810AC5D0058D1F2 /* ActivityProgressView.swift in Sources */,
				178C8139280A992700EB29C1 /* RecipeCard.swift in Sources */,
				2CF44A6928ECBB26001689A8 /* SearchBar.swift in Sources */,
				2C63538128F0A7E40061A701 /* PostDetail.swift in Sources */,
				179DDB2D2803443200049C65 /* ForumView.swift in Sources */,
				17007E702824525B0084B39B /* SegueTestView.swift in Sources */,
				2C72F33629058249004BBB8A /* PullToRefresh.swift in Sources */,
				17A08FB328C3410500CD3D92 /* Recipe.swift in Sources */,
				2C082D8929CC925E00371FE9 /* ChartTest.swift in Sources */,
				2CB5DE2C29B8E3C300F34FC4 /* AuthViewModel.swift in Sources */,
				2C6A161728F17F5200D9DDE4 /* ReplyRow.swift in Sources */,
				2CFC2B3229705BF800451922 /* RegistrationButton.swift in Sources */,
				2C64C040294B931600E9305F /* ProfileSettingsView.swift in Sources */,
				2C79C8D529BF71DF00243940 /* KeychainService.swift in Sources */,
				2C7918F5296DBC35009F2194 /* DishDetailConfirm.swift in Sources */,
				2C6E96C528E49B78000159C4 /* PostRow.swift in Sources */,
				2C7918F3296DB519009F2194 /* DishView.swift in Sources */,
				2CC4196A29B8E8FD00B064B9 /* SettingsRow.swift in Sources */,
				17F01E8528A2C8FD00285894 /* AuthenticationHeaderView.swift in Sources */,
				17482A7B28047F57006F2186 /* TabBar.swift in Sources */,
			);
			runOnlyForDeploymentPostprocessing = 0;
		};
/* End PBXSourcesBuildPhase section */

/* Begin XCBuildConfiguration section */
		17A92D072801DCEC000CF34F /* Debug */ = {
			isa = XCBuildConfiguration;
			buildSettings = {
				ALWAYS_SEARCH_USER_PATHS = NO;
				CLANG_ANALYZER_NONNULL = YES;
				CLANG_ANALYZER_NUMBER_OBJECT_CONVERSION = YES_AGGRESSIVE;
				CLANG_CXX_LANGUAGE_STANDARD = "gnu++17";
				CLANG_CXX_LIBRARY = "libc++";
				CLANG_ENABLE_MODULES = YES;
				CLANG_ENABLE_OBJC_ARC = YES;
				CLANG_ENABLE_OBJC_WEAK = YES;
				CLANG_WARN_BLOCK_CAPTURE_AUTORELEASING = YES;
				CLANG_WARN_BOOL_CONVERSION = YES;
				CLANG_WARN_COMMA = YES;
				CLANG_WARN_CONSTANT_CONVERSION = YES;
				CLANG_WARN_DEPRECATED_OBJC_IMPLEMENTATIONS = YES;
				CLANG_WARN_DIRECT_OBJC_ISA_USAGE = YES_ERROR;
				CLANG_WARN_DOCUMENTATION_COMMENTS = YES;
				CLANG_WARN_EMPTY_BODY = YES;
				CLANG_WARN_ENUM_CONVERSION = YES;
				CLANG_WARN_INFINITE_RECURSION = YES;
				CLANG_WARN_INT_CONVERSION = YES;
				CLANG_WARN_NON_LITERAL_NULL_CONVERSION = YES;
				CLANG_WARN_OBJC_IMPLICIT_RETAIN_SELF = YES;
				CLANG_WARN_OBJC_LITERAL_CONVERSION = YES;
				CLANG_WARN_OBJC_ROOT_CLASS = YES_ERROR;
				CLANG_WARN_QUOTED_INCLUDE_IN_FRAMEWORK_HEADER = YES;
				CLANG_WARN_RANGE_LOOP_ANALYSIS = YES;
				CLANG_WARN_STRICT_PROTOTYPES = YES;
				CLANG_WARN_SUSPICIOUS_MOVE = YES;
				CLANG_WARN_UNGUARDED_AVAILABILITY = YES_AGGRESSIVE;
				CLANG_WARN_UNREACHABLE_CODE = YES;
				CLANG_WARN__DUPLICATE_METHOD_MATCH = YES;
				COPY_PHASE_STRIP = NO;
				DEBUG_INFORMATION_FORMAT = dwarf;
				ENABLE_STRICT_OBJC_MSGSEND = YES;
				ENABLE_TESTABILITY = YES;
				GCC_C_LANGUAGE_STANDARD = gnu11;
				GCC_DYNAMIC_NO_PIC = NO;
				GCC_NO_COMMON_BLOCKS = YES;
				GCC_OPTIMIZATION_LEVEL = 0;
				GCC_PREPROCESSOR_DEFINITIONS = (
					"DEBUG=1",
					"$(inherited)",
				);
				GCC_WARN_64_TO_32_BIT_CONVERSION = YES;
				GCC_WARN_ABOUT_RETURN_TYPE = YES_ERROR;
				GCC_WARN_UNDECLARED_SELECTOR = YES;
				GCC_WARN_UNINITIALIZED_AUTOS = YES_AGGRESSIVE;
				GCC_WARN_UNUSED_FUNCTION = YES;
				GCC_WARN_UNUSED_VARIABLE = YES;
				IPHONEOS_DEPLOYMENT_TARGET = 14.0;
				MTL_ENABLE_DEBUG_INFO = INCLUDE_SOURCE;
				MTL_FAST_MATH = YES;
				ONLY_ACTIVE_ARCH = YES;
				SDKROOT = iphoneos;
				SWIFT_ACTIVE_COMPILATION_CONDITIONS = DEBUG;
				SWIFT_OPTIMIZATION_LEVEL = "-Onone";
			};
			name = Debug;
		};
		17A92D082801DCEC000CF34F /* Release */ = {
			isa = XCBuildConfiguration;
			buildSettings = {
				ALWAYS_SEARCH_USER_PATHS = NO;
				CLANG_ANALYZER_NONNULL = YES;
				CLANG_ANALYZER_NUMBER_OBJECT_CONVERSION = YES_AGGRESSIVE;
				CLANG_CXX_LANGUAGE_STANDARD = "gnu++17";
				CLANG_CXX_LIBRARY = "libc++";
				CLANG_ENABLE_MODULES = YES;
				CLANG_ENABLE_OBJC_ARC = YES;
				CLANG_ENABLE_OBJC_WEAK = YES;
				CLANG_WARN_BLOCK_CAPTURE_AUTORELEASING = YES;
				CLANG_WARN_BOOL_CONVERSION = YES;
				CLANG_WARN_COMMA = YES;
				CLANG_WARN_CONSTANT_CONVERSION = YES;
				CLANG_WARN_DEPRECATED_OBJC_IMPLEMENTATIONS = YES;
				CLANG_WARN_DIRECT_OBJC_ISA_USAGE = YES_ERROR;
				CLANG_WARN_DOCUMENTATION_COMMENTS = YES;
				CLANG_WARN_EMPTY_BODY = YES;
				CLANG_WARN_ENUM_CONVERSION = YES;
				CLANG_WARN_INFINITE_RECURSION = YES;
				CLANG_WARN_INT_CONVERSION = YES;
				CLANG_WARN_NON_LITERAL_NULL_CONVERSION = YES;
				CLANG_WARN_OBJC_IMPLICIT_RETAIN_SELF = YES;
				CLANG_WARN_OBJC_LITERAL_CONVERSION = YES;
				CLANG_WARN_OBJC_ROOT_CLASS = YES_ERROR;
				CLANG_WARN_QUOTED_INCLUDE_IN_FRAMEWORK_HEADER = YES;
				CLANG_WARN_RANGE_LOOP_ANALYSIS = YES;
				CLANG_WARN_STRICT_PROTOTYPES = YES;
				CLANG_WARN_SUSPICIOUS_MOVE = YES;
				CLANG_WARN_UNGUARDED_AVAILABILITY = YES_AGGRESSIVE;
				CLANG_WARN_UNREACHABLE_CODE = YES;
				CLANG_WARN__DUPLICATE_METHOD_MATCH = YES;
				COPY_PHASE_STRIP = NO;
				DEBUG_INFORMATION_FORMAT = "dwarf-with-dsym";
				ENABLE_NS_ASSERTIONS = NO;
				ENABLE_STRICT_OBJC_MSGSEND = YES;
				GCC_C_LANGUAGE_STANDARD = gnu11;
				GCC_NO_COMMON_BLOCKS = YES;
				GCC_WARN_64_TO_32_BIT_CONVERSION = YES;
				GCC_WARN_ABOUT_RETURN_TYPE = YES_ERROR;
				GCC_WARN_UNDECLARED_SELECTOR = YES;
				GCC_WARN_UNINITIALIZED_AUTOS = YES_AGGRESSIVE;
				GCC_WARN_UNUSED_FUNCTION = YES;
				GCC_WARN_UNUSED_VARIABLE = YES;
				IPHONEOS_DEPLOYMENT_TARGET = 14.0;
				MTL_ENABLE_DEBUG_INFO = NO;
				MTL_FAST_MATH = YES;
				SDKROOT = iphoneos;
				SWIFT_COMPILATION_MODE = wholemodule;
				SWIFT_OPTIMIZATION_LEVEL = "-O";
				VALIDATE_PRODUCT = YES;
			};
			name = Release;
		};
		17A92D0A2801DCEC000CF34F /* Debug */ = {
			isa = XCBuildConfiguration;
			buildSettings = {
				ASSETCATALOG_COMPILER_APPICON_NAME = AppIcon;
				ASSETCATALOG_COMPILER_GLOBAL_ACCENT_COLOR_NAME = AccentColor;
				ASSETCATALOG_COMPILER_INCLUDE_ALL_APPICON_ASSETS = YES;
				CODE_SIGN_STYLE = Automatic;
				CURRENT_PROJECT_VERSION = 1;
				DEVELOPMENT_ASSET_PATHS = "\"Preview Content\"";
				DEVELOPMENT_TEAM = 7D84B8YR34;
				ENABLE_PREVIEWS = YES;
				GENERATE_INFOPLIST_FILE = YES;
				INFOPLIST_FILE = maiIncercSiEu/Info.plist;
				INFOPLIST_KEY_CFBundleDisplayName = "Food Tracker";
				INFOPLIST_KEY_LSApplicationCategoryType = "public.app-category.healthcare-fitness";
				INFOPLIST_KEY_UIApplicationSceneManifest_Generation = YES;
				INFOPLIST_KEY_UIApplicationSupportsIndirectInputEvents = YES;
				INFOPLIST_KEY_UILaunchScreen_Generation = YES;
				INFOPLIST_KEY_UISupportedInterfaceOrientations = UIInterfaceOrientationPortrait;
				INFOPLIST_KEY_UISupportedInterfaceOrientations_iPad = "UIInterfaceOrientationLandscapeLeft UIInterfaceOrientationLandscapeRight UIInterfaceOrientationPortrait UIInterfaceOrientationPortraitUpsideDown";
				INFOPLIST_KEY_UIUserInterfaceStyle = Automatic;
				IPHONEOS_DEPLOYMENT_TARGET = 14.0;
				LD_RUNPATH_SEARCH_PATHS = (
					"$(inherited)",
					"@executable_path/Frameworks",
				);
				MARKETING_VERSION = 1.0;
				PRODUCT_BUNDLE_IDENTIFIER = com.radek43.mise;
				PRODUCT_NAME = "mise-foodtracker";
				SUPPORTED_PLATFORMS = "iphoneos iphonesimulator";
				SUPPORTS_MACCATALYST = NO;
				SUPPORTS_MAC_DESIGNED_FOR_IPHONE_IPAD = YES;
				SWIFT_EMIT_LOC_STRINGS = YES;
				SWIFT_VERSION = 5.0;
				TARGETED_DEVICE_FAMILY = "1,2";
			};
			name = Debug;
		};
		17A92D0B2801DCEC000CF34F /* Release */ = {
			isa = XCBuildConfiguration;
			buildSettings = {
				ASSETCATALOG_COMPILER_APPICON_NAME = AppIcon;
				ASSETCATALOG_COMPILER_GLOBAL_ACCENT_COLOR_NAME = AccentColor;
				ASSETCATALOG_COMPILER_INCLUDE_ALL_APPICON_ASSETS = YES;
				CODE_SIGN_STYLE = Automatic;
				CURRENT_PROJECT_VERSION = 1;
				DEVELOPMENT_ASSET_PATHS = "\"Preview Content\"";
				DEVELOPMENT_TEAM = 7D84B8YR34;
				ENABLE_PREVIEWS = YES;
				GENERATE_INFOPLIST_FILE = YES;
				INFOPLIST_FILE = maiIncercSiEu/Info.plist;
				INFOPLIST_KEY_CFBundleDisplayName = "Food Tracker";
				INFOPLIST_KEY_LSApplicationCategoryType = "public.app-category.healthcare-fitness";
				INFOPLIST_KEY_UIApplicationSceneManifest_Generation = YES;
				INFOPLIST_KEY_UIApplicationSupportsIndirectInputEvents = YES;
				INFOPLIST_KEY_UILaunchScreen_Generation = YES;
				INFOPLIST_KEY_UISupportedInterfaceOrientations = UIInterfaceOrientationPortrait;
				INFOPLIST_KEY_UISupportedInterfaceOrientations_iPad = "UIInterfaceOrientationLandscapeLeft UIInterfaceOrientationLandscapeRight UIInterfaceOrientationPortrait UIInterfaceOrientationPortraitUpsideDown";
				INFOPLIST_KEY_UIUserInterfaceStyle = Automatic;
				IPHONEOS_DEPLOYMENT_TARGET = 14.0;
				LD_RUNPATH_SEARCH_PATHS = (
					"$(inherited)",
					"@executable_path/Frameworks",
				);
				MARKETING_VERSION = 1.0;
				PRODUCT_BUNDLE_IDENTIFIER = com.radek43.mise;
				PRODUCT_NAME = "mise-foodtracker";
				SUPPORTED_PLATFORMS = "iphoneos iphonesimulator";
				SUPPORTS_MACCATALYST = NO;
				SUPPORTS_MAC_DESIGNED_FOR_IPHONE_IPAD = YES;
				SWIFT_EMIT_LOC_STRINGS = YES;
				SWIFT_VERSION = 5.0;
				TARGETED_DEVICE_FAMILY = "1,2";
			};
			name = Release;
		};
/* End XCBuildConfiguration section */

/* Begin XCConfigurationList section */
		17A92CF62801DCEA000CF34F /* Build configuration list for PBXProject "mise-foodtracker" */ = {
			isa = XCConfigurationList;
			buildConfigurations = (
				17A92D072801DCEC000CF34F /* Debug */,
				17A92D082801DCEC000CF34F /* Release */,
			);
			defaultConfigurationIsVisible = 0;
			defaultConfigurationName = Release;
		};
		17A92D092801DCEC000CF34F /* Build configuration list for PBXNativeTarget "mise-foodtracker" */ = {
			isa = XCConfigurationList;
			buildConfigurations = (
				17A92D0A2801DCEC000CF34F /* Debug */,
				17A92D0B2801DCEC000CF34F /* Release */,
			);
			defaultConfigurationIsVisible = 0;
			defaultConfigurationName = Release;
		};
/* End XCConfigurationList section */

/* Begin XCRemoteSwiftPackageReference section */
		176372DE28C12445006337A7 /* XCRemoteSwiftPackageReference "Kingfisher" */ = {
			isa = XCRemoteSwiftPackageReference;
			repositoryURL = "https://github.com/onevcat/Kingfisher.git";
			requirement = {
				kind = upToNextMajorVersion;
				minimumVersion = 7.0.0;
			};
		};
		17CC53ED2827E1A7006A8FFD /* XCRemoteSwiftPackageReference "ChartView" */ = {
			isa = XCRemoteSwiftPackageReference;
			repositoryURL = "https://github.com/AppPear/ChartView";
			requirement = {
				kind = exactVersion;
				version = "2.0.0-beta.2";
			};
		};
		17D9D14F281C3AB800DD0406 /* XCRemoteSwiftPackageReference "swiftui-segues" */ = {
			isa = XCRemoteSwiftPackageReference;
			repositoryURL = "https://github.com/globulus/swiftui-segues";
			requirement = {
				kind = upToNextMajorVersion;
				minimumVersion = 1.0.0;
			};
		};
/* End XCRemoteSwiftPackageReference section */

/* Begin XCSwiftPackageProductDependency section */
		176372DF28C12445006337A7 /* Kingfisher */ = {
			isa = XCSwiftPackageProductDependency;
			package = 176372DE28C12445006337A7 /* XCRemoteSwiftPackageReference "Kingfisher" */;
			productName = Kingfisher;
		};
		17CC53EE2827E1A7006A8FFD /* SwiftUICharts */ = {
			isa = XCSwiftPackageProductDependency;
			package = 17CC53ED2827E1A7006A8FFD /* XCRemoteSwiftPackageReference "ChartView" */;
			productName = SwiftUICharts;
		};
		17D9D150281C3AB800DD0406 /* SwiftUISegues */ = {
			isa = XCSwiftPackageProductDependency;
			package = 17D9D14F281C3AB800DD0406 /* XCRemoteSwiftPackageReference "swiftui-segues" */;
			productName = SwiftUISegues;
		};
/* End XCSwiftPackageProductDependency section */
	};
	rootObject = 17A92CF32801DCEA000CF34F /* Project object */;
}
