// !$*UTF8*$!
{
	archiveVersion = 1;
	classes = {
	};
	objectVersion = 55;
	objects = {

/* Begin PBXBuildFile section */
		171C1724280AE513004F17DE /* RecipeDetailView.swift in Sources */ = {isa = PBXBuildFile; fileRef = 171C1723280AE513004F17DE /* RecipeDetailView.swift */; };
		173F05532810AC5D0058D1F2 /* UserProgressView.swift in Sources */ = {isa = PBXBuildFile; fileRef = 173F05522810AC5D0058D1F2 /* UserProgressView.swift */; };
		17482A7B28047F57006F2186 /* TabBarView.swift in Sources */ = {isa = PBXBuildFile; fileRef = 17482A7A28047F57006F2186 /* TabBarView.swift */; };
		17482A7F2804832A006F2186 /* HomeView.swift in Sources */ = {isa = PBXBuildFile; fileRef = 17482A7E2804832A006F2186 /* HomeView.swift */; };
		176372DD28C117E4006337A7 /* User.swift in Sources */ = {isa = PBXBuildFile; fileRef = 176372DC28C117E4006337A7 /* User.swift */; };
		178C8139280A992700EB29C1 /* RecipeCard.swift in Sources */ = {isa = PBXBuildFile; fileRef = 178C8138280A992700EB29C1 /* RecipeCard.swift */; };
		178CCC7728BBF8140074D52E /* ImagePicker.swift in Sources */ = {isa = PBXBuildFile; fileRef = 178CCC7628BBF8140074D52E /* ImagePicker.swift */; };
		178CCC7928BC035C0074D52E /* ImageUploader.swift in Sources */ = {isa = PBXBuildFile; fileRef = 178CCC7828BC035C0074D52E /* ImageUploader.swift */; };
		178CEBC52809B82700D6DD25 /* DishButton.swift in Sources */ = {isa = PBXBuildFile; fileRef = 178CEBC42809B82700D6DD25 /* DishButton.swift */; };
		179DDB2B2803441D00049C65 /* RecipeListView.swift in Sources */ = {isa = PBXBuildFile; fileRef = 179DDB2A2803441D00049C65 /* RecipeListView.swift */; };
		17A08FB328C3410500CD3D92 /* Recipe.swift in Sources */ = {isa = PBXBuildFile; fileRef = 17A08FB228C3410500CD3D92 /* Recipe.swift */; };
		17A92CFF2801DCEA000CF34F /* miseFoodTrackerApp.swift in Sources */ = {isa = PBXBuildFile; fileRef = 17A92CFE2801DCEA000CF34F /* miseFoodTrackerApp.swift */; };
		17A92D012801DCEA000CF34F /* ContentView.swift in Sources */ = {isa = PBXBuildFile; fileRef = 17A92D002801DCEA000CF34F /* ContentView.swift */; };
		17A92D032801DCEC000CF34F /* Assets.xcassets in Resources */ = {isa = PBXBuildFile; fileRef = 17A92D022801DCEC000CF34F /* Assets.xcassets */; };
		17A92D062801DCEC000CF34F /* Preview Assets.xcassets in Resources */ = {isa = PBXBuildFile; fileRef = 17A92D052801DCEC000CF34F /* Preview Assets.xcassets */; };
		17ABAE5E2827D75A0059E52A /* MakeCard.swift in Sources */ = {isa = PBXBuildFile; fileRef = 17ABAE5D2827D75A0059E52A /* MakeCard.swift */; };
		17AD15E42826EF460023C0EF /* ProgressRow.swift in Sources */ = {isa = PBXBuildFile; fileRef = 17AD15E32826EF460023C0EF /* ProgressRow.swift */; };
		17B1A4DB2826A1E100F1CDEC /* ActivityListView.swift in Sources */ = {isa = PBXBuildFile; fileRef = 17B1A4DA2826A1E100F1CDEC /* ActivityListView.swift */; };
		17CC53EF2827E1A7006A8FFD /* SwiftUICharts in Frameworks */ = {isa = PBXBuildFile; productRef = 17CC53EE2827E1A7006A8FFD /* SwiftUICharts */; };
		17F01E7F28A2C81500285894 /* LoginView.swift in Sources */ = {isa = PBXBuildFile; fileRef = 17F01E7E28A2C81500285894 /* LoginView.swift */; };
		17F01E8128A2C84800285894 /* RegistrationView.swift in Sources */ = {isa = PBXBuildFile; fileRef = 17F01E8028A2C84800285894 /* RegistrationView.swift */; };
		17F01E8328A2C8B900285894 /* InputField.swift in Sources */ = {isa = PBXBuildFile; fileRef = 17F01E8228A2C8B900285894 /* InputField.swift */; };
		17F01E8528A2C8FD00285894 /* HeaderView.swift in Sources */ = {isa = PBXBuildFile; fileRef = 17F01E8428A2C8FD00285894 /* HeaderView.swift */; };
		17F01E8728A2C94F00285894 /* RoundedShape.swift in Sources */ = {isa = PBXBuildFile; fileRef = 17F01E8628A2C94F00285894 /* RoundedShape.swift */; };
		2C04CB472A1383C4008142C1 /* NavigationUtil.swift in Sources */ = {isa = PBXBuildFile; fileRef = 2C04CB462A1383C4008142C1 /* NavigationUtil.swift */; };
		2C0589F92A0CC7E20099C254 /* LogViewModel.swift in Sources */ = {isa = PBXBuildFile; fileRef = 2C0589F82A0CC7E20099C254 /* LogViewModel.swift */; };
		2C0589FD2A0CCFC30099C254 /* EditFoodViewModel.swift in Sources */ = {isa = PBXBuildFile; fileRef = 2C0589FC2A0CCFC30099C254 /* EditFoodViewModel.swift */; };
		2C082D8729CC843E00371FE9 /* Extensions.swift in Sources */ = {isa = PBXBuildFile; fileRef = 2C082D8629CC843E00371FE9 /* Extensions.swift */; };
		2C0D03F229D44A92005C8C4B /* PreviewData.swift in Sources */ = {isa = PBXBuildFile; fileRef = 2C0D03F129D44A92005C8C4B /* PreviewData.swift */; };
		2C124B3029F92C9A003640FE /* OnboardMeasurementsView.swift in Sources */ = {isa = PBXBuildFile; fileRef = 2C124B2F29F92C9A003640FE /* OnboardMeasurementsView.swift */; };
		2C124B3229F9523D003640FE /* OnboardObjectiveView.swift in Sources */ = {isa = PBXBuildFile; fileRef = 2C124B3129F9523D003640FE /* OnboardObjectiveView.swift */; };
		2C28FA7D2A03BE1300C6E625 /* AddFoodView.swift in Sources */ = {isa = PBXBuildFile; fileRef = 2C28FA7C2A03BE1300C6E625 /* AddFoodView.swift */; };
		2C28FA7F2A03C06200C6E625 /* Food.swift in Sources */ = {isa = PBXBuildFile; fileRef = 2C28FA7E2A03C06200C6E625 /* Food.swift */; };
		2C28FA822A03C93800C6E625 /* AddFoodViewModel.swift in Sources */ = {isa = PBXBuildFile; fileRef = 2C28FA812A03C93800C6E625 /* AddFoodViewModel.swift */; };
		2C2F7FDB296C076B003F3F76 /* HapticFeedback.swift in Sources */ = {isa = PBXBuildFile; fileRef = 2C2F7FDA296C076B003F3F76 /* HapticFeedback.swift */; };
		2C3D0E3A2A0BA96A007974C2 /* NutritionChart.swift in Sources */ = {isa = PBXBuildFile; fileRef = 2C3D0E392A0BA96A007974C2 /* NutritionChart.swift */; };
		2C3ED20429EAEE14007CE412 /* AddActivityViewModel.swift in Sources */ = {isa = PBXBuildFile; fileRef = 2C3ED20329EAEE13007CE412 /* AddActivityViewModel.swift */; };
		2C3ED20629EB2C51007CE412 /* AddActivityView.swift in Sources */ = {isa = PBXBuildFile; fileRef = 2C3ED20529EB2C51007CE412 /* AddActivityView.swift */; };
		2C3F85FE29ED28B600B47AF6 /* SDWebImageSwiftUI in Frameworks */ = {isa = PBXBuildFile; productRef = 2C3F85FD29ED28B600B47AF6 /* SDWebImageSwiftUI */; };
		2C47869E29E084A500BFBADF /* RefreshControl.swift in Sources */ = {isa = PBXBuildFile; fileRef = 2C47869D29E084A500BFBADF /* RefreshControl.swift */; };
		2C4AD2D429EFE3F600311DAE /* SettingsViewModel.swift in Sources */ = {isa = PBXBuildFile; fileRef = 2C4AD2D329EFE3F600311DAE /* SettingsViewModel.swift */; };
		2C4AD2D829EFFE1C00311DAE /* ObjectiveView.swift in Sources */ = {isa = PBXBuildFile; fileRef = 2C4AD2D729EFFE1C00311DAE /* ObjectiveView.swift */; };
		2C4D586C2A05041900B3E887 /* DishListViewModel.swift in Sources */ = {isa = PBXBuildFile; fileRef = 2C4D586B2A05041900B3E887 /* DishListViewModel.swift */; };
		2C4D586E2A050BE000B3E887 /* DishConfirmViewModel.swift in Sources */ = {isa = PBXBuildFile; fileRef = 2C4D586D2A050BE000B3E887 /* DishConfirmViewModel.swift */; };
		2C542E782A10CFA6007BE23E /* RecipeConfirmView.swift in Sources */ = {isa = PBXBuildFile; fileRef = 2C542E772A10CFA6007BE23E /* RecipeConfirmView.swift */; };
		2C56DEE829546FAF006A4A5A /* DishRingButton.swift in Sources */ = {isa = PBXBuildFile; fileRef = 2C56DEE729546FAF006A4A5A /* DishRingButton.swift */; };
		2C634A342A092E5900B0058B /* Test.swift in Sources */ = {isa = PBXBuildFile; fileRef = 2C634A332A092E5900B0058B /* Test.swift */; };
		2C64C040294B931600E9305F /* ProfileView.swift in Sources */ = {isa = PBXBuildFile; fileRef = 2C64C03F294B931600E9305F /* ProfileView.swift */; };
		2C71A69B29DDF701006A823C /* LaunchView.swift in Sources */ = {isa = PBXBuildFile; fileRef = 2C71A69A29DDF701006A823C /* LaunchView.swift */; };
		2C74B75C2950BB510063A4F4 /* NotificationsView.swift in Sources */ = {isa = PBXBuildFile; fileRef = 2C74B75B2950BB510063A4F4 /* NotificationsView.swift */; };
		2C74B75E2950EE580063A4F4 /* MeasurementsView.swift in Sources */ = {isa = PBXBuildFile; fileRef = 2C74B75D2950EE580063A4F4 /* MeasurementsView.swift */; };
		2C7918F3296DB519009F2194 /* DishListView.swift in Sources */ = {isa = PBXBuildFile; fileRef = 2C7918F2296DB519009F2194 /* DishListView.swift */; };
		2C7918F5296DBC35009F2194 /* DishConfirmView.swift in Sources */ = {isa = PBXBuildFile; fileRef = 2C7918F4296DBC35009F2194 /* DishConfirmView.swift */; };
		2C79C8D529BF71DF00243940 /* KeychainService.swift in Sources */ = {isa = PBXBuildFile; fileRef = 2C79C8D429BF71DF00243940 /* KeychainService.swift */; };
		2C8D797D29DC238D00B9AB47 /* RecipeListViewModel.swift in Sources */ = {isa = PBXBuildFile; fileRef = 2C8D797C29DC238D00B9AB47 /* RecipeListViewModel.swift */; };
		2CA0397829E859D30079A614 /* ActivityListViewModel.swift in Sources */ = {isa = PBXBuildFile; fileRef = 2CA0397729E859D30079A614 /* ActivityListViewModel.swift */; };
		2CA0397A29E87EF70079A614 /* Activity.swift in Sources */ = {isa = PBXBuildFile; fileRef = 2CA0397929E87EF70079A614 /* Activity.swift */; };
		2CA0398029E891830079A614 /* ActivityInfoView.swift in Sources */ = {isa = PBXBuildFile; fileRef = 2CA0397F29E891830079A614 /* ActivityInfoView.swift */; };
		2CA12FDC29E1779800CC6CC8 /* RecipeDetailViewModel.swift in Sources */ = {isa = PBXBuildFile; fileRef = 2CA12FDB29E1779800CC6CC8 /* RecipeDetailViewModel.swift */; };
		2CA54DEE29DF0B92003D317B /* AddRecipeViewModel.swift in Sources */ = {isa = PBXBuildFile; fileRef = 2CA54DED29DF0B92003D317B /* AddRecipeViewModel.swift */; };
		2CABC86F29D96B3D00D79F18 /* Greetings.swift in Sources */ = {isa = PBXBuildFile; fileRef = 2CABC86E29D96B3D00D79F18 /* Greetings.swift */; };
		2CB0CC672A15297600E559E0 /* Wave.swift in Sources */ = {isa = PBXBuildFile; fileRef = 2CB0CC662A15297600E559E0 /* Wave.swift */; };
		2CB0CC692A1537A600E559E0 /* AddWaterView.swift in Sources */ = {isa = PBXBuildFile; fileRef = 2CB0CC682A1537A600E559E0 /* AddWaterView.swift */; };
		2CB1C1962A17556C00C08299 /* AddWeightView.swift in Sources */ = {isa = PBXBuildFile; fileRef = 2CB1C1952A17556C00C08299 /* AddWeightView.swift */; };
		2CB5DE2C29B8E3C300F34FC4 /* AuthViewModel.swift in Sources */ = {isa = PBXBuildFile; fileRef = 2CB5DE2B29B8E3C300F34FC4 /* AuthViewModel.swift */; };
		2CC4196829B8E8ED00B064B9 /* SettingsView.swift in Sources */ = {isa = PBXBuildFile; fileRef = 2CC4196729B8E8ED00B064B9 /* SettingsView.swift */; };
		2CC4196A29B8E8FD00B064B9 /* SettingsRow.swift in Sources */ = {isa = PBXBuildFile; fileRef = 2CC4196929B8E8FD00B064B9 /* SettingsRow.swift */; };
		2CD714362A10BADB005196A3 /* ConsumedCalories.swift in Sources */ = {isa = PBXBuildFile; fileRef = 2CD714352A10BADB005196A3 /* ConsumedCalories.swift */; };
		2CE1947A2A0E725F001EF4FE /* EditFoodView.swift in Sources */ = {isa = PBXBuildFile; fileRef = 2CE194792A0E725F001EF4FE /* EditFoodView.swift */; };
		2CE35E6D2943B0AA00674348 /* AddRecipeView.swift in Sources */ = {isa = PBXBuildFile; fileRef = 2CE35E6C2943B0AA00674348 /* AddRecipeView.swift */; };
		2CE3FFEA2A0A4E4B00124D9C /* TestDate.swift in Sources */ = {isa = PBXBuildFile; fileRef = 2CE3FFE92A0A4E4B00124D9C /* TestDate.swift */; };
		2CE43D2729EC445C00BD9E82 /* ActivityEditViewModel.swift in Sources */ = {isa = PBXBuildFile; fileRef = 2CE43D2629EC445C00BD9E82 /* ActivityEditViewModel.swift */; };
		2CE43D2929EC460000BD9E82 /* ActivityConfirmViewModel.swift in Sources */ = {isa = PBXBuildFile; fileRef = 2CE43D2829EC460000BD9E82 /* ActivityConfirmViewModel.swift */; };
		2CE43D2B29EC4C2900BD9E82 /* ActivityEditView.swift in Sources */ = {isa = PBXBuildFile; fileRef = 2CE43D2A29EC4C2900BD9E82 /* ActivityEditView.swift */; };
		2CE9260429E94D97005E6803 /* RecipeEditView.swift in Sources */ = {isa = PBXBuildFile; fileRef = 2CE9260329E94D97005E6803 /* RecipeEditView.swift */; };
		2CE9260629E96182005E6803 /* RecipeEditViewModel.swift in Sources */ = {isa = PBXBuildFile; fileRef = 2CE9260529E96182005E6803 /* RecipeEditViewModel.swift */; };
		2CE9260829E9765C005E6803 /* ActivityConfrimView.swift in Sources */ = {isa = PBXBuildFile; fileRef = 2CE9260729E9765C005E6803 /* ActivityConfrimView.swift */; };
		2CE9C54C29E1C96000DDBA20 /* Log.swift in Sources */ = {isa = PBXBuildFile; fileRef = 2CE9C54B29E1C96000DDBA20 /* Log.swift */; };
		2CEADAB8295330D2002AA0A0 /* AddShadow.swift in Sources */ = {isa = PBXBuildFile; fileRef = 2CEADAB7295330D2002AA0A0 /* AddShadow.swift */; };
		2CED766E29D5A5850093E035 /* KeyboardToolbars in Frameworks */ = {isa = PBXBuildFile; productRef = 2CED766D29D5A5850093E035 /* KeyboardToolbars */; };
		2CED767029D5A9460093E035 /* NumbersOnlyViewModifier.swift in Sources */ = {isa = PBXBuildFile; fileRef = 2CED766F29D5A9460093E035 /* NumbersOnlyViewModifier.swift */; };
		2CF44A6928ECBB26001689A8 /* SearchBar.swift in Sources */ = {isa = PBXBuildFile; fileRef = 2CF44A6828ECBB26001689A8 /* SearchBar.swift */; };
		2CFC2B3229705BF800451922 /* RectangleButton.swift in Sources */ = {isa = PBXBuildFile; fileRef = 2CFC2B3129705BF800451922 /* RectangleButton.swift */; };
/* End PBXBuildFile section */

/* Begin PBXFileReference section */
		171C1723280AE513004F17DE /* RecipeDetailView.swift */ = {isa = PBXFileReference; lastKnownFileType = sourcecode.swift; path = RecipeDetailView.swift; sourceTree = "<group>"; };
		173F05522810AC5D0058D1F2 /* UserProgressView.swift */ = {isa = PBXFileReference; lastKnownFileType = sourcecode.swift; path = UserProgressView.swift; sourceTree = "<group>"; };
		17482A7A28047F57006F2186 /* TabBarView.swift */ = {isa = PBXFileReference; lastKnownFileType = sourcecode.swift; path = TabBarView.swift; sourceTree = "<group>"; };
		17482A7E2804832A006F2186 /* HomeView.swift */ = {isa = PBXFileReference; lastKnownFileType = sourcecode.swift; path = HomeView.swift; sourceTree = "<group>"; };
		176372DC28C117E4006337A7 /* User.swift */ = {isa = PBXFileReference; lastKnownFileType = sourcecode.swift; path = User.swift; sourceTree = "<group>"; };
		178C8138280A992700EB29C1 /* RecipeCard.swift */ = {isa = PBXFileReference; lastKnownFileType = sourcecode.swift; path = RecipeCard.swift; sourceTree = "<group>"; };
		178CCC7628BBF8140074D52E /* ImagePicker.swift */ = {isa = PBXFileReference; lastKnownFileType = sourcecode.swift; path = ImagePicker.swift; sourceTree = "<group>"; };
		178CCC7828BC035C0074D52E /* ImageUploader.swift */ = {isa = PBXFileReference; lastKnownFileType = sourcecode.swift; path = ImageUploader.swift; sourceTree = "<group>"; };
		178CEBC42809B82700D6DD25 /* DishButton.swift */ = {isa = PBXFileReference; lastKnownFileType = sourcecode.swift; path = DishButton.swift; sourceTree = "<group>"; };
		179DDB2A2803441D00049C65 /* RecipeListView.swift */ = {isa = PBXFileReference; lastKnownFileType = sourcecode.swift; path = RecipeListView.swift; sourceTree = "<group>"; };
		17A08FB228C3410500CD3D92 /* Recipe.swift */ = {isa = PBXFileReference; lastKnownFileType = sourcecode.swift; path = Recipe.swift; sourceTree = "<group>"; };
		17A92CFB2801DCEA000CF34F /* mise-foodtracker.app */ = {isa = PBXFileReference; explicitFileType = wrapper.application; includeInIndex = 0; path = "mise-foodtracker.app"; sourceTree = BUILT_PRODUCTS_DIR; };
		17A92CFE2801DCEA000CF34F /* miseFoodTrackerApp.swift */ = {isa = PBXFileReference; lastKnownFileType = sourcecode.swift; path = miseFoodTrackerApp.swift; sourceTree = "<group>"; };
		17A92D002801DCEA000CF34F /* ContentView.swift */ = {isa = PBXFileReference; lastKnownFileType = sourcecode.swift; path = ContentView.swift; sourceTree = "<group>"; };
		17A92D022801DCEC000CF34F /* Assets.xcassets */ = {isa = PBXFileReference; lastKnownFileType = folder.assetcatalog; path = Assets.xcassets; sourceTree = "<group>"; };
		17A92D052801DCEC000CF34F /* Preview Assets.xcassets */ = {isa = PBXFileReference; lastKnownFileType = folder.assetcatalog; path = "Preview Assets.xcassets"; sourceTree = "<group>"; };
		17ABAE5D2827D75A0059E52A /* MakeCard.swift */ = {isa = PBXFileReference; lastKnownFileType = sourcecode.swift; path = MakeCard.swift; sourceTree = "<group>"; };
		17AD15E32826EF460023C0EF /* ProgressRow.swift */ = {isa = PBXFileReference; lastKnownFileType = sourcecode.swift; path = ProgressRow.swift; sourceTree = "<group>"; };
		17B1A4DA2826A1E100F1CDEC /* ActivityListView.swift */ = {isa = PBXFileReference; lastKnownFileType = sourcecode.swift; path = ActivityListView.swift; sourceTree = "<group>"; };
		17F01E7E28A2C81500285894 /* LoginView.swift */ = {isa = PBXFileReference; lastKnownFileType = sourcecode.swift; path = LoginView.swift; sourceTree = "<group>"; };
		17F01E8028A2C84800285894 /* RegistrationView.swift */ = {isa = PBXFileReference; lastKnownFileType = sourcecode.swift; path = RegistrationView.swift; sourceTree = "<group>"; };
		17F01E8228A2C8B900285894 /* InputField.swift */ = {isa = PBXFileReference; lastKnownFileType = sourcecode.swift; path = InputField.swift; sourceTree = "<group>"; };
		17F01E8428A2C8FD00285894 /* HeaderView.swift */ = {isa = PBXFileReference; lastKnownFileType = sourcecode.swift; path = HeaderView.swift; sourceTree = "<group>"; };
		17F01E8628A2C94F00285894 /* RoundedShape.swift */ = {isa = PBXFileReference; lastKnownFileType = sourcecode.swift; path = RoundedShape.swift; sourceTree = "<group>"; };
		2C04CB462A1383C4008142C1 /* NavigationUtil.swift */ = {isa = PBXFileReference; lastKnownFileType = sourcecode.swift; path = NavigationUtil.swift; sourceTree = "<group>"; };
		2C0589F82A0CC7E20099C254 /* LogViewModel.swift */ = {isa = PBXFileReference; lastKnownFileType = sourcecode.swift; path = LogViewModel.swift; sourceTree = "<group>"; };
		2C0589FC2A0CCFC30099C254 /* EditFoodViewModel.swift */ = {isa = PBXFileReference; lastKnownFileType = sourcecode.swift; path = EditFoodViewModel.swift; sourceTree = "<group>"; };
		2C082D8629CC843E00371FE9 /* Extensions.swift */ = {isa = PBXFileReference; lastKnownFileType = sourcecode.swift; path = Extensions.swift; sourceTree = "<group>"; };
		2C0D03F129D44A92005C8C4B /* PreviewData.swift */ = {isa = PBXFileReference; lastKnownFileType = sourcecode.swift; path = PreviewData.swift; sourceTree = "<group>"; };
		2C124B2F29F92C9A003640FE /* OnboardMeasurementsView.swift */ = {isa = PBXFileReference; lastKnownFileType = sourcecode.swift; path = OnboardMeasurementsView.swift; sourceTree = "<group>"; };
		2C124B3129F9523D003640FE /* OnboardObjectiveView.swift */ = {isa = PBXFileReference; lastKnownFileType = sourcecode.swift; path = OnboardObjectiveView.swift; sourceTree = "<group>"; };
		2C28FA7C2A03BE1300C6E625 /* AddFoodView.swift */ = {isa = PBXFileReference; lastKnownFileType = sourcecode.swift; path = AddFoodView.swift; sourceTree = "<group>"; };
		2C28FA7E2A03C06200C6E625 /* Food.swift */ = {isa = PBXFileReference; lastKnownFileType = sourcecode.swift; path = Food.swift; sourceTree = "<group>"; };
		2C28FA812A03C93800C6E625 /* AddFoodViewModel.swift */ = {isa = PBXFileReference; lastKnownFileType = sourcecode.swift; path = AddFoodViewModel.swift; sourceTree = "<group>"; };
		2C2F7FDA296C076B003F3F76 /* HapticFeedback.swift */ = {isa = PBXFileReference; lastKnownFileType = sourcecode.swift; path = HapticFeedback.swift; sourceTree = "<group>"; };
		2C3D0E392A0BA96A007974C2 /* NutritionChart.swift */ = {isa = PBXFileReference; lastKnownFileType = sourcecode.swift; path = NutritionChart.swift; sourceTree = "<group>"; };
		2C3ED20329EAEE13007CE412 /* AddActivityViewModel.swift */ = {isa = PBXFileReference; lastKnownFileType = sourcecode.swift; path = AddActivityViewModel.swift; sourceTree = "<group>"; };
		2C3ED20529EB2C51007CE412 /* AddActivityView.swift */ = {isa = PBXFileReference; lastKnownFileType = sourcecode.swift; path = AddActivityView.swift; sourceTree = "<group>"; };
		2C47869D29E084A500BFBADF /* RefreshControl.swift */ = {isa = PBXFileReference; lastKnownFileType = sourcecode.swift; path = RefreshControl.swift; sourceTree = "<group>"; };
		2C4AD2D329EFE3F600311DAE /* SettingsViewModel.swift */ = {isa = PBXFileReference; lastKnownFileType = sourcecode.swift; path = SettingsViewModel.swift; sourceTree = "<group>"; };
		2C4AD2D729EFFE1C00311DAE /* ObjectiveView.swift */ = {isa = PBXFileReference; lastKnownFileType = sourcecode.swift; path = ObjectiveView.swift; sourceTree = "<group>"; };
		2C4D586B2A05041900B3E887 /* DishListViewModel.swift */ = {isa = PBXFileReference; lastKnownFileType = sourcecode.swift; path = DishListViewModel.swift; sourceTree = "<group>"; };
		2C4D586D2A050BE000B3E887 /* DishConfirmViewModel.swift */ = {isa = PBXFileReference; lastKnownFileType = sourcecode.swift; path = DishConfirmViewModel.swift; sourceTree = "<group>"; };
		2C542E772A10CFA6007BE23E /* RecipeConfirmView.swift */ = {isa = PBXFileReference; lastKnownFileType = sourcecode.swift; path = RecipeConfirmView.swift; sourceTree = "<group>"; };
		2C56DEE729546FAF006A4A5A /* DishRingButton.swift */ = {isa = PBXFileReference; fileEncoding = 4; lastKnownFileType = sourcecode.swift; path = DishRingButton.swift; sourceTree = "<group>"; };
		2C634A332A092E5900B0058B /* Test.swift */ = {isa = PBXFileReference; lastKnownFileType = sourcecode.swift; path = Test.swift; sourceTree = "<group>"; };
		2C64C03F294B931600E9305F /* ProfileView.swift */ = {isa = PBXFileReference; lastKnownFileType = sourcecode.swift; path = ProfileView.swift; sourceTree = "<group>"; };
		2C71A69A29DDF701006A823C /* LaunchView.swift */ = {isa = PBXFileReference; lastKnownFileType = sourcecode.swift; path = LaunchView.swift; sourceTree = "<group>"; };
		2C74B75B2950BB510063A4F4 /* NotificationsView.swift */ = {isa = PBXFileReference; lastKnownFileType = sourcecode.swift; path = NotificationsView.swift; sourceTree = "<group>"; };
		2C74B75D2950EE580063A4F4 /* MeasurementsView.swift */ = {isa = PBXFileReference; lastKnownFileType = sourcecode.swift; path = MeasurementsView.swift; sourceTree = "<group>"; };
		2C7918F2296DB519009F2194 /* DishListView.swift */ = {isa = PBXFileReference; lastKnownFileType = sourcecode.swift; path = DishListView.swift; sourceTree = "<group>"; };
		2C7918F4296DBC35009F2194 /* DishConfirmView.swift */ = {isa = PBXFileReference; lastKnownFileType = sourcecode.swift; path = DishConfirmView.swift; sourceTree = "<group>"; };
		2C79C8D429BF71DF00243940 /* KeychainService.swift */ = {isa = PBXFileReference; lastKnownFileType = sourcecode.swift; path = KeychainService.swift; sourceTree = "<group>"; };
		2C8D797C29DC238D00B9AB47 /* RecipeListViewModel.swift */ = {isa = PBXFileReference; lastKnownFileType = sourcecode.swift; path = RecipeListViewModel.swift; sourceTree = "<group>"; };
		2CA0397729E859D30079A614 /* ActivityListViewModel.swift */ = {isa = PBXFileReference; lastKnownFileType = sourcecode.swift; path = ActivityListViewModel.swift; sourceTree = "<group>"; };
		2CA0397929E87EF70079A614 /* Activity.swift */ = {isa = PBXFileReference; lastKnownFileType = sourcecode.swift; path = Activity.swift; sourceTree = "<group>"; };
		2CA0397F29E891830079A614 /* ActivityInfoView.swift */ = {isa = PBXFileReference; lastKnownFileType = sourcecode.swift; path = ActivityInfoView.swift; sourceTree = "<group>"; };
		2CA12FDB29E1779800CC6CC8 /* RecipeDetailViewModel.swift */ = {isa = PBXFileReference; lastKnownFileType = sourcecode.swift; path = RecipeDetailViewModel.swift; sourceTree = "<group>"; };
		2CA54DED29DF0B92003D317B /* AddRecipeViewModel.swift */ = {isa = PBXFileReference; lastKnownFileType = sourcecode.swift; path = AddRecipeViewModel.swift; sourceTree = "<group>"; };
		2CABC86E29D96B3D00D79F18 /* Greetings.swift */ = {isa = PBXFileReference; lastKnownFileType = sourcecode.swift; path = Greetings.swift; sourceTree = "<group>"; };
		2CB0CC662A15297600E559E0 /* Wave.swift */ = {isa = PBXFileReference; lastKnownFileType = sourcecode.swift; path = Wave.swift; sourceTree = "<group>"; };
		2CB0CC682A1537A600E559E0 /* AddWaterView.swift */ = {isa = PBXFileReference; lastKnownFileType = sourcecode.swift; path = AddWaterView.swift; sourceTree = "<group>"; };
		2CB1C1952A17556C00C08299 /* AddWeightView.swift */ = {isa = PBXFileReference; lastKnownFileType = sourcecode.swift; path = AddWeightView.swift; sourceTree = "<group>"; };
		2CB5DE2B29B8E3C300F34FC4 /* AuthViewModel.swift */ = {isa = PBXFileReference; lastKnownFileType = sourcecode.swift; path = AuthViewModel.swift; sourceTree = "<group>"; };
		2CC4196729B8E8ED00B064B9 /* SettingsView.swift */ = {isa = PBXFileReference; lastKnownFileType = sourcecode.swift; path = SettingsView.swift; sourceTree = "<group>"; };
		2CC4196929B8E8FD00B064B9 /* SettingsRow.swift */ = {isa = PBXFileReference; lastKnownFileType = sourcecode.swift; path = SettingsRow.swift; sourceTree = "<group>"; };
		2CD714352A10BADB005196A3 /* ConsumedCalories.swift */ = {isa = PBXFileReference; lastKnownFileType = sourcecode.swift; path = ConsumedCalories.swift; sourceTree = "<group>"; };
		2CE194792A0E725F001EF4FE /* EditFoodView.swift */ = {isa = PBXFileReference; lastKnownFileType = sourcecode.swift; path = EditFoodView.swift; sourceTree = "<group>"; };
		2CE35E6C2943B0AA00674348 /* AddRecipeView.swift */ = {isa = PBXFileReference; lastKnownFileType = sourcecode.swift; path = AddRecipeView.swift; sourceTree = "<group>"; };
		2CE3FFE92A0A4E4B00124D9C /* TestDate.swift */ = {isa = PBXFileReference; lastKnownFileType = sourcecode.swift; path = TestDate.swift; sourceTree = "<group>"; };
		2CE43D2629EC445C00BD9E82 /* ActivityEditViewModel.swift */ = {isa = PBXFileReference; lastKnownFileType = sourcecode.swift; path = ActivityEditViewModel.swift; sourceTree = "<group>"; };
		2CE43D2829EC460000BD9E82 /* ActivityConfirmViewModel.swift */ = {isa = PBXFileReference; lastKnownFileType = sourcecode.swift; path = ActivityConfirmViewModel.swift; sourceTree = "<group>"; };
		2CE43D2A29EC4C2900BD9E82 /* ActivityEditView.swift */ = {isa = PBXFileReference; lastKnownFileType = sourcecode.swift; path = ActivityEditView.swift; sourceTree = "<group>"; };
		2CE9260329E94D97005E6803 /* RecipeEditView.swift */ = {isa = PBXFileReference; lastKnownFileType = sourcecode.swift; path = RecipeEditView.swift; sourceTree = "<group>"; };
		2CE9260529E96182005E6803 /* RecipeEditViewModel.swift */ = {isa = PBXFileReference; lastKnownFileType = sourcecode.swift; path = RecipeEditViewModel.swift; sourceTree = "<group>"; };
		2CE9260729E9765C005E6803 /* ActivityConfrimView.swift */ = {isa = PBXFileReference; lastKnownFileType = sourcecode.swift; path = ActivityConfrimView.swift; sourceTree = "<group>"; };
		2CE9C54B29E1C96000DDBA20 /* Log.swift */ = {isa = PBXFileReference; lastKnownFileType = sourcecode.swift; path = Log.swift; sourceTree = "<group>"; };
		2CEADAB7295330D2002AA0A0 /* AddShadow.swift */ = {isa = PBXFileReference; lastKnownFileType = sourcecode.swift; path = AddShadow.swift; sourceTree = "<group>"; };
		2CED766F29D5A9460093E035 /* NumbersOnlyViewModifier.swift */ = {isa = PBXFileReference; lastKnownFileType = sourcecode.swift; path = NumbersOnlyViewModifier.swift; sourceTree = "<group>"; };
		2CF44A6828ECBB26001689A8 /* SearchBar.swift */ = {isa = PBXFileReference; lastKnownFileType = sourcecode.swift; path = SearchBar.swift; sourceTree = "<group>"; };
		2CFC2B3129705BF800451922 /* RectangleButton.swift */ = {isa = PBXFileReference; lastKnownFileType = sourcecode.swift; path = RectangleButton.swift; sourceTree = "<group>"; };
/* End PBXFileReference section */

/* Begin PBXFrameworksBuildPhase section */
		17A92CF82801DCEA000CF34F /* Frameworks */ = {
			isa = PBXFrameworksBuildPhase;
			buildActionMask = 2147483647;
			files = (
				2C3F85FE29ED28B600B47AF6 /* SDWebImageSwiftUI in Frameworks */,
				17CC53EF2827E1A7006A8FFD /* SwiftUICharts in Frameworks */,
				2CED766E29D5A5850093E035 /* KeyboardToolbars in Frameworks */,
			);
			runOnlyForDeploymentPostprocessing = 0;
		};
/* End PBXFrameworksBuildPhase section */

/* Begin PBXGroup section */
		170C633128297DB80048DFA9 /* Recipes */ = {
			isa = PBXGroup;
			children = (
				179DDB2A2803441D00049C65 /* RecipeListView.swift */,
				171C1723280AE513004F17DE /* RecipeDetailView.swift */,
				2CE35E6C2943B0AA00674348 /* AddRecipeView.swift */,
				2CE9260329E94D97005E6803 /* RecipeEditView.swift */,
				2C542E772A10CFA6007BE23E /* RecipeConfirmView.swift */,
			);
			path = Recipes;
			sourceTree = "<group>";
		};
		1728115128BBB36E001B0BC5 /* Settings */ = {
			isa = PBXGroup;
			children = (
				2CC4196729B8E8ED00B064B9 /* SettingsView.swift */,
				2C64C03F294B931600E9305F /* ProfileView.swift */,
				2C4AD2D729EFFE1C00311DAE /* ObjectiveView.swift */,
				2C74B75D2950EE580063A4F4 /* MeasurementsView.swift */,
				2C74B75B2950BB510063A4F4 /* NotificationsView.swift */,
			);
			path = Settings;
			sourceTree = "<group>";
		};
		17425A3B28A2BB380021F61A /* Service */ = {
			isa = PBXGroup;
			children = (
				178CCC7828BC035C0074D52E /* ImageUploader.swift */,
				2C79C8D429BF71DF00243940 /* KeychainService.swift */,
				2C47869D29E084A500BFBADF /* RefreshControl.swift */,
				2C2F7FDA296C076B003F3F76 /* HapticFeedback.swift */,
			);
			path = Service;
			sourceTree = "<group>";
		};
		1747ABFC28C3BA6200138938 /* Activity */ = {
			isa = PBXGroup;
			children = (
				17B1A4DA2826A1E100F1CDEC /* ActivityListView.swift */,
				2CA0397F29E891830079A614 /* ActivityInfoView.swift */,
				2CE9260729E9765C005E6803 /* ActivityConfrimView.swift */,
				2C3ED20529EB2C51007CE412 /* AddActivityView.swift */,
				2CE43D2A29EC4C2900BD9E82 /* ActivityEditView.swift */,
			);
			path = Activity;
			sourceTree = "<group>";
		};
		178CCC7528BBF7F00074D52E /* Utilities */ = {
			isa = PBXGroup;
			children = (
				2CC4196929B8E8FD00B064B9 /* SettingsRow.swift */,
				17AD15E32826EF460023C0EF /* ProgressRow.swift */,
				178CEBC42809B82700D6DD25 /* DishButton.swift */,
				2C56DEE729546FAF006A4A5A /* DishRingButton.swift */,
				2CFC2B3129705BF800451922 /* RectangleButton.swift */,
				178C8138280A992700EB29C1 /* RecipeCard.swift */,
				17F01E8228A2C8B900285894 /* InputField.swift */,
				17F01E8428A2C8FD00285894 /* HeaderView.swift */,
				178CCC7628BBF8140074D52E /* ImagePicker.swift */,
				17F01E8628A2C94F00285894 /* RoundedShape.swift */,
				2CF44A6828ECBB26001689A8 /* SearchBar.swift */,
				2CABC86E29D96B3D00D79F18 /* Greetings.swift */,
				2C3D0E392A0BA96A007974C2 /* NutritionChart.swift */,
				2CD714352A10BADB005196A3 /* ConsumedCalories.swift */,
				2C04CB462A1383C4008142C1 /* NavigationUtil.swift */,
				2CB0CC662A15297600E559E0 /* Wave.swift */,
			);
			path = Utilities;
			sourceTree = "<group>";
		};
		178CEBC02809B5E100D6DD25 /* Home */ = {
			isa = PBXGroup;
			children = (
				17482A7E2804832A006F2186 /* HomeView.swift */,
				2C7918F2296DB519009F2194 /* DishListView.swift */,
				2C7918F4296DBC35009F2194 /* DishConfirmView.swift */,
				2C28FA7C2A03BE1300C6E625 /* AddFoodView.swift */,
				2CE194792A0E725F001EF4FE /* EditFoodView.swift */,
				2CB0CC682A1537A600E559E0 /* AddWaterView.swift */,
				2CB1C1952A17556C00C08299 /* AddWeightView.swift */,
			);
			path = Home;
			sourceTree = "<group>";
		};
		178CEBC32809B63B00D6DD25 /* Model */ = {
			isa = PBXGroup;
			children = (
				176372DC28C117E4006337A7 /* User.swift */,
				17A08FB228C3410500CD3D92 /* Recipe.swift */,
				2CE9C54B29E1C96000DDBA20 /* Log.swift */,
				2CA0397929E87EF70079A614 /* Activity.swift */,
				2C28FA7E2A03C06200C6E625 /* Food.swift */,
			);
			path = Model;
			sourceTree = "<group>";
		};
		17A92CF22801DCEA000CF34F = {
			isa = PBXGroup;
			children = (
				17A92CFE2801DCEA000CF34F /* miseFoodTrackerApp.swift */,
				2CD3CB642A06565D00927DD3 /* View */,
				178CEBC32809B63B00D6DD25 /* Model */,
				2C77A4CA2948A34A00233AF4 /* ViewModel */,
				2C634A322A092E3E00B0058B /* Test */,
				17425A3B28A2BB380021F61A /* Service */,
				178CCC7528BBF7F00074D52E /* Utilities */,
				2CFCD29829F85D9D00300E6C /* Modifiers */,
				2CA55FE02948AACE00C6A8B1 /* Resources */,
				2C082D8529CC840C00371FE9 /* Extensions */,
				17A92D042801DCEC000CF34F /* Preview Content */,
				17A92CFC2801DCEA000CF34F /* Products */,
			);
			sourceTree = "<group>";
		};
		17A92CFC2801DCEA000CF34F /* Products */ = {
			isa = PBXGroup;
			children = (
				17A92CFB2801DCEA000CF34F /* mise-foodtracker.app */,
			);
			name = Products;
			sourceTree = "<group>";
		};
		17A92D042801DCEC000CF34F /* Preview Content */ = {
			isa = PBXGroup;
			children = (
				17A92D052801DCEC000CF34F /* Preview Assets.xcassets */,
				2C0D03F129D44A92005C8C4B /* PreviewData.swift */,
			);
			path = "Preview Content";
			sourceTree = "<group>";
		};
		17F01E7928A2C79000285894 /* Authentication */ = {
			isa = PBXGroup;
			children = (
				17F01E7E28A2C81500285894 /* LoginView.swift */,
				17F01E8028A2C84800285894 /* RegistrationView.swift */,
			);
			path = Authentication;
			sourceTree = "<group>";
		};
		2C0589F72A0CC7B60099C254 /* Log */ = {
			isa = PBXGroup;
			children = (
				2C0589F82A0CC7E20099C254 /* LogViewModel.swift */,
			);
			path = Log;
			sourceTree = "<group>";
		};
		2C082D8529CC840C00371FE9 /* Extensions */ = {
			isa = PBXGroup;
			children = (
				2C082D8629CC843E00371FE9 /* Extensions.swift */,
			);
			path = Extensions;
			sourceTree = "<group>";
		};
		2C124B2E29F92B39003640FE /* Onboard */ = {
			isa = PBXGroup;
			children = (
				2C124B2F29F92C9A003640FE /* OnboardMeasurementsView.swift */,
				2C124B3129F9523D003640FE /* OnboardObjectiveView.swift */,
			);
			path = Onboard;
			sourceTree = "<group>";
		};
		2C28FA802A03C15B00C6E625 /* Food */ = {
			isa = PBXGroup;
			children = (
				2C4D586B2A05041900B3E887 /* DishListViewModel.swift */,
				2C4D586D2A050BE000B3E887 /* DishConfirmViewModel.swift */,
				2C28FA812A03C93800C6E625 /* AddFoodViewModel.swift */,
				2C0589FC2A0CCFC30099C254 /* EditFoodViewModel.swift */,
			);
			path = Food;
			sourceTree = "<group>";
		};
		2C3F85FF29ED2F2F00B47AF6 /* Authentication */ = {
			isa = PBXGroup;
			children = (
				2CB5DE2B29B8E3C300F34FC4 /* AuthViewModel.swift */,
			);
			path = Authentication;
			sourceTree = "<group>";
		};
		2C4AD2D229EFE3E700311DAE /* Settings */ = {
			isa = PBXGroup;
			children = (
				2C4AD2D329EFE3F600311DAE /* SettingsViewModel.swift */,
			);
			path = Settings;
			sourceTree = "<group>";
		};
		2C634A322A092E3E00B0058B /* Test */ = {
			isa = PBXGroup;
			children = (
				2C634A332A092E5900B0058B /* Test.swift */,
				2CE3FFE92A0A4E4B00124D9C /* TestDate.swift */,
			);
			path = Test;
			sourceTree = "<group>";
		};
		2C77A4C82948A1AB00233AF4 /* Navigation */ = {
			isa = PBXGroup;
			children = (
				17A92D002801DCEA000CF34F /* ContentView.swift */,
				2C71A69A29DDF701006A823C /* LaunchView.swift */,
				17482A7A28047F57006F2186 /* TabBarView.swift */,
			);
			path = Navigation;
			sourceTree = "<group>";
		};
		2C77A4CA2948A34A00233AF4 /* ViewModel */ = {
			isa = PBXGroup;
			children = (
				2C0589F72A0CC7B60099C254 /* Log */,
				2C3F85FF29ED2F2F00B47AF6 /* Authentication */,
				2C28FA802A03C15B00C6E625 /* Food */,
				2CA0397529E859AE0079A614 /* Recipe */,
				2CE43D2529EC443300BD9E82 /* Activity */,
				2C4AD2D229EFE3E700311DAE /* Settings */,
			);
			path = ViewModel;
			sourceTree = "<group>";
		};
		2C77A4CB2948A5E700233AF4 /* Progress */ = {
			isa = PBXGroup;
			children = (
				173F05522810AC5D0058D1F2 /* UserProgressView.swift */,
			);
			path = Progress;
			sourceTree = "<group>";
		};
		2CA0397529E859AE0079A614 /* Recipe */ = {
			isa = PBXGroup;
			children = (
				2C8D797C29DC238D00B9AB47 /* RecipeListViewModel.swift */,
				2CA12FDB29E1779800CC6CC8 /* RecipeDetailViewModel.swift */,
				2CA54DED29DF0B92003D317B /* AddRecipeViewModel.swift */,
				2CE9260529E96182005E6803 /* RecipeEditViewModel.swift */,
			);
			path = Recipe;
			sourceTree = "<group>";
		};
		2CA55FE02948AACE00C6A8B1 /* Resources */ = {
			isa = PBXGroup;
			children = (
				17A92D022801DCEC000CF34F /* Assets.xcassets */,
			);
			path = Resources;
			sourceTree = "<group>";
		};
		2CD3CB642A06565D00927DD3 /* View */ = {
			isa = PBXGroup;
			children = (
				17F01E7928A2C79000285894 /* Authentication */,
				2C124B2E29F92B39003640FE /* Onboard */,
				2C77A4C82948A1AB00233AF4 /* Navigation */,
				178CEBC02809B5E100D6DD25 /* Home */,
				2C77A4CB2948A5E700233AF4 /* Progress */,
				170C633128297DB80048DFA9 /* Recipes */,
				1747ABFC28C3BA6200138938 /* Activity */,
				1728115128BBB36E001B0BC5 /* Settings */,
			);
			path = View;
			sourceTree = "<group>";
		};
		2CE43D2529EC443300BD9E82 /* Activity */ = {
			isa = PBXGroup;
			children = (
				2CA0397729E859D30079A614 /* ActivityListViewModel.swift */,
				2CE43D2829EC460000BD9E82 /* ActivityConfirmViewModel.swift */,
				2C3ED20329EAEE13007CE412 /* AddActivityViewModel.swift */,
				2CE43D2629EC445C00BD9E82 /* ActivityEditViewModel.swift */,
			);
			path = Activity;
			sourceTree = "<group>";
		};
		2CFCD29829F85D9D00300E6C /* Modifiers */ = {
			isa = PBXGroup;
			children = (
				17ABAE5D2827D75A0059E52A /* MakeCard.swift */,
				2CEADAB7295330D2002AA0A0 /* AddShadow.swift */,
				2CED766F29D5A9460093E035 /* NumbersOnlyViewModifier.swift */,
			);
			path = Modifiers;
			sourceTree = "<group>";
		};
/* End PBXGroup section */

/* Begin PBXNativeTarget section */
		17A92CFA2801DCEA000CF34F /* mise-foodtracker */ = {
			isa = PBXNativeTarget;
			buildConfigurationList = 17A92D092801DCEC000CF34F /* Build configuration list for PBXNativeTarget "mise-foodtracker" */;
			buildPhases = (
				17A92CF72801DCEA000CF34F /* Sources */,
				17A92CF82801DCEA000CF34F /* Frameworks */,
				17A92CF92801DCEA000CF34F /* Resources */,
			);
			buildRules = (
			);
			dependencies = (
			);
			name = "mise-foodtracker";
			packageProductDependencies = (
				17CC53EE2827E1A7006A8FFD /* SwiftUICharts */,
				2CED766D29D5A5850093E035 /* KeyboardToolbars */,
				2C3F85FD29ED28B600B47AF6 /* SDWebImageSwiftUI */,
			);
			productName = maiIncercSiEu;
			productReference = 17A92CFB2801DCEA000CF34F /* mise-foodtracker.app */;
			productType = "com.apple.product-type.application";
		};
/* End PBXNativeTarget section */

/* Begin PBXProject section */
		17A92CF32801DCEA000CF34F /* Project object */ = {
			isa = PBXProject;
			attributes = {
				BuildIndependentTargetsInParallel = 1;
				LastSwiftUpdateCheck = 1320;
				LastUpgradeCheck = 1320;
				TargetAttributes = {
					17A92CFA2801DCEA000CF34F = {
						CreatedOnToolsVersion = 13.2.1;
					};
				};
			};
			buildConfigurationList = 17A92CF62801DCEA000CF34F /* Build configuration list for PBXProject "mise-foodtracker" */;
			compatibilityVersion = "Xcode 13.0";
			developmentRegion = en;
			hasScannedForEncodings = 0;
			knownRegions = (
				en,
				Base,
			);
			mainGroup = 17A92CF22801DCEA000CF34F;
			packageReferences = (
				17CC53ED2827E1A7006A8FFD /* XCRemoteSwiftPackageReference "ChartView" */,
				2CED766C29D5A5850093E035 /* XCRemoteSwiftPackageReference "KeyboardToolbarsSwiftUI" */,
				2C3F85FC29ED28B600B47AF6 /* XCRemoteSwiftPackageReference "SDWebImageSwiftUI" */,
			);
			productRefGroup = 17A92CFC2801DCEA000CF34F /* Products */;
			projectDirPath = "";
			projectRoot = "";
			targets = (
				17A92CFA2801DCEA000CF34F /* mise-foodtracker */,
			);
		};
/* End PBXProject section */

/* Begin PBXResourcesBuildPhase section */
		17A92CF92801DCEA000CF34F /* Resources */ = {
			isa = PBXResourcesBuildPhase;
			buildActionMask = 2147483647;
			files = (
				17A92D062801DCEC000CF34F /* Preview Assets.xcassets in Resources */,
				17A92D032801DCEC000CF34F /* Assets.xcassets in Resources */,
			);
			runOnlyForDeploymentPostprocessing = 0;
		};
/* End PBXResourcesBuildPhase section */

/* Begin PBXSourcesBuildPhase section */
		17A92CF72801DCEA000CF34F /* Sources */ = {
			isa = PBXSourcesBuildPhase;
			buildActionMask = 2147483647;
			files = (
				2CE35E6D2943B0AA00674348 /* AddRecipeView.swift in Sources */,
				2C0589F92A0CC7E20099C254 /* LogViewModel.swift in Sources */,
				2CA54DEE29DF0B92003D317B /* AddRecipeViewModel.swift in Sources */,
				2C2F7FDB296C076B003F3F76 /* HapticFeedback.swift in Sources */,
				17ABAE5E2827D75A0059E52A /* MakeCard.swift in Sources */,
				178CCC7928BC035C0074D52E /* ImageUploader.swift in Sources */,
				2C56DEE829546FAF006A4A5A /* DishRingButton.swift in Sources */,
				2C124B3029F92C9A003640FE /* OnboardMeasurementsView.swift in Sources */,
				17AD15E42826EF460023C0EF /* ProgressRow.swift in Sources */,
				2CABC86F29D96B3D00D79F18 /* Greetings.swift in Sources */,
				17F01E8728A2C94F00285894 /* RoundedShape.swift in Sources */,
				17A92D012801DCEA000CF34F /* ContentView.swift in Sources */,
				2CEADAB8295330D2002AA0A0 /* AddShadow.swift in Sources */,
				2CE9260829E9765C005E6803 /* ActivityConfrimView.swift in Sources */,
				17482A7F2804832A006F2186 /* HomeView.swift in Sources */,
				2C124B3229F9523D003640FE /* OnboardObjectiveView.swift in Sources */,
				17F01E7F28A2C81500285894 /* LoginView.swift in Sources */,
				2C74B75E2950EE580063A4F4 /* MeasurementsView.swift in Sources */,
				2C28FA7D2A03BE1300C6E625 /* AddFoodView.swift in Sources */,
				2C28FA7F2A03C06200C6E625 /* Food.swift in Sources */,
				2CE9260629E96182005E6803 /* RecipeEditViewModel.swift in Sources */,
				2C634A342A092E5900B0058B /* Test.swift in Sources */,
				178CEBC52809B82700D6DD25 /* DishButton.swift in Sources */,
				2C0589FD2A0CCFC30099C254 /* EditFoodViewModel.swift in Sources */,
				17F01E8128A2C84800285894 /* RegistrationView.swift in Sources */,
				2CE3FFEA2A0A4E4B00124D9C /* TestDate.swift in Sources */,
				2C3ED20629EB2C51007CE412 /* AddActivityView.swift in Sources */,
				2C3ED20429EAEE14007CE412 /* AddActivityViewModel.swift in Sources */,
				2C082D8729CC843E00371FE9 /* Extensions.swift in Sources */,
				2CC4196829B8E8ED00B064B9 /* SettingsView.swift in Sources */,
				176372DD28C117E4006337A7 /* User.swift in Sources */,
				2C542E782A10CFA6007BE23E /* RecipeConfirmView.swift in Sources */,
				2C74B75C2950BB510063A4F4 /* NotificationsView.swift in Sources */,
				2CA0397829E859D30079A614 /* ActivityListViewModel.swift in Sources */,
				171C1724280AE513004F17DE /* RecipeDetailView.swift in Sources */,
				178CCC7728BBF8140074D52E /* ImagePicker.swift in Sources */,
				2CD714362A10BADB005196A3 /* ConsumedCalories.swift in Sources */,
				17A92CFF2801DCEA000CF34F /* miseFoodTrackerApp.swift in Sources */,
				2CE1947A2A0E725F001EF4FE /* EditFoodView.swift in Sources */,
				17F01E8328A2C8B900285894 /* InputField.swift in Sources */,
				2C28FA822A03C93800C6E625 /* AddFoodViewModel.swift in Sources */,
				2CED767029D5A9460093E035 /* NumbersOnlyViewModifier.swift in Sources */,
				17B1A4DB2826A1E100F1CDEC /* ActivityListView.swift in Sources */,
				2C3D0E3A2A0BA96A007974C2 /* NutritionChart.swift in Sources */,
				2CE9260429E94D97005E6803 /* RecipeEditView.swift in Sources */,
				179DDB2B2803441D00049C65 /* RecipeListView.swift in Sources */,
				2CB1C1962A17556C00C08299 /* AddWeightView.swift in Sources */,
				2CE43D2B29EC4C2900BD9E82 /* ActivityEditView.swift in Sources */,
				2C8D797D29DC238D00B9AB47 /* RecipeListViewModel.swift in Sources */,
				2CA0397A29E87EF70079A614 /* Activity.swift in Sources */,
				173F05532810AC5D0058D1F2 /* UserProgressView.swift in Sources */,
				178C8139280A992700EB29C1 /* RecipeCard.swift in Sources */,
				2CF44A6928ECBB26001689A8 /* SearchBar.swift in Sources */,
				2C47869E29E084A500BFBADF /* RefreshControl.swift in Sources */,
				17A08FB328C3410500CD3D92 /* Recipe.swift in Sources */,
				2C04CB472A1383C4008142C1 /* NavigationUtil.swift in Sources */,
				2CE9C54C29E1C96000DDBA20 /* Log.swift in Sources */,
				2C0D03F229D44A92005C8C4B /* PreviewData.swift in Sources */,
				2CB5DE2C29B8E3C300F34FC4 /* AuthViewModel.swift in Sources */,
				2CA0398029E891830079A614 /* ActivityInfoView.swift in Sources */,
				2C71A69B29DDF701006A823C /* LaunchView.swift in Sources */,
				2CA12FDC29E1779800CC6CC8 /* RecipeDetailViewModel.swift in Sources */,
				2C4AD2D829EFFE1C00311DAE /* ObjectiveView.swift in Sources */,
				2CFC2B3229705BF800451922 /* RectangleButton.swift in Sources */,
				2C64C040294B931600E9305F /* ProfileView.swift in Sources */,
				2CB0CC672A15297600E559E0 /* Wave.swift in Sources */,
				2C79C8D529BF71DF00243940 /* KeychainService.swift in Sources */,
				2CE43D2929EC460000BD9E82 /* ActivityConfirmViewModel.swift in Sources */,
				2CE43D2729EC445C00BD9E82 /* ActivityEditViewModel.swift in Sources */,
				2CB0CC692A1537A600E559E0 /* AddWaterView.swift in Sources */,
				2C4D586E2A050BE000B3E887 /* DishConfirmViewModel.swift in Sources */,
				2C7918F5296DBC35009F2194 /* DishConfirmView.swift in Sources */,
				2C7918F3296DB519009F2194 /* DishListView.swift in Sources */,
				2CC4196A29B8E8FD00B064B9 /* SettingsRow.swift in Sources */,
				17F01E8528A2C8FD00285894 /* HeaderView.swift in Sources */,
				2C4D586C2A05041900B3E887 /* DishListViewModel.swift in Sources */,
				17482A7B28047F57006F2186 /* TabBarView.swift in Sources */,
				2C4AD2D429EFE3F600311DAE /* SettingsViewModel.swift in Sources */,
			);
			runOnlyForDeploymentPostprocessing = 0;
		};
/* End PBXSourcesBuildPhase section */

/* Begin XCBuildConfiguration section */
		17A92D072801DCEC000CF34F /* Debug */ = {
			isa = XCBuildConfiguration;
			buildSettings = {
				ALWAYS_SEARCH_USER_PATHS = NO;
				CLANG_ANALYZER_NONNULL = YES;
				CLANG_ANALYZER_NUMBER_OBJECT_CONVERSION = YES_AGGRESSIVE;
				CLANG_CXX_LANGUAGE_STANDARD = "gnu++17";
				CLANG_CXX_LIBRARY = "libc++";
				CLANG_ENABLE_MODULES = YES;
				CLANG_ENABLE_OBJC_ARC = YES;
				CLANG_ENABLE_OBJC_WEAK = YES;
				CLANG_WARN_BLOCK_CAPTURE_AUTORELEASING = YES;
				CLANG_WARN_BOOL_CONVERSION = YES;
				CLANG_WARN_COMMA = YES;
				CLANG_WARN_CONSTANT_CONVERSION = YES;
				CLANG_WARN_DEPRECATED_OBJC_IMPLEMENTATIONS = YES;
				CLANG_WARN_DIRECT_OBJC_ISA_USAGE = YES_ERROR;
				CLANG_WARN_DOCUMENTATION_COMMENTS = YES;
				CLANG_WARN_EMPTY_BODY = YES;
				CLANG_WARN_ENUM_CONVERSION = YES;
				CLANG_WARN_INFINITE_RECURSION = YES;
				CLANG_WARN_INT_CONVERSION = YES;
				CLANG_WARN_NON_LITERAL_NULL_CONVERSION = YES;
				CLANG_WARN_OBJC_IMPLICIT_RETAIN_SELF = YES;
				CLANG_WARN_OBJC_LITERAL_CONVERSION = YES;
				CLANG_WARN_OBJC_ROOT_CLASS = YES_ERROR;
				CLANG_WARN_QUOTED_INCLUDE_IN_FRAMEWORK_HEADER = YES;
				CLANG_WARN_RANGE_LOOP_ANALYSIS = YES;
				CLANG_WARN_STRICT_PROTOTYPES = YES;
				CLANG_WARN_SUSPICIOUS_MOVE = YES;
				CLANG_WARN_UNGUARDED_AVAILABILITY = YES_AGGRESSIVE;
				CLANG_WARN_UNREACHABLE_CODE = YES;
				CLANG_WARN__DUPLICATE_METHOD_MATCH = YES;
				COPY_PHASE_STRIP = NO;
				DEBUG_INFORMATION_FORMAT = dwarf;
				ENABLE_STRICT_OBJC_MSGSEND = YES;
				ENABLE_TESTABILITY = YES;
				GCC_C_LANGUAGE_STANDARD = gnu11;
				GCC_DYNAMIC_NO_PIC = NO;
				GCC_NO_COMMON_BLOCKS = YES;
				GCC_OPTIMIZATION_LEVEL = 0;
				GCC_PREPROCESSOR_DEFINITIONS = (
					"DEBUG=1",
					"$(inherited)",
				);
				GCC_WARN_64_TO_32_BIT_CONVERSION = YES;
				GCC_WARN_ABOUT_RETURN_TYPE = YES_ERROR;
				GCC_WARN_UNDECLARED_SELECTOR = YES;
				GCC_WARN_UNINITIALIZED_AUTOS = YES_AGGRESSIVE;
				GCC_WARN_UNUSED_FUNCTION = YES;
				GCC_WARN_UNUSED_VARIABLE = YES;
				IPHONEOS_DEPLOYMENT_TARGET = 14.0;
				MTL_ENABLE_DEBUG_INFO = INCLUDE_SOURCE;
				MTL_FAST_MATH = YES;
				ONLY_ACTIVE_ARCH = YES;
				SDKROOT = iphoneos;
				SWIFT_ACTIVE_COMPILATION_CONDITIONS = DEBUG;
				SWIFT_OPTIMIZATION_LEVEL = "-Onone";
			};
			name = Debug;
		};
		17A92D082801DCEC000CF34F /* Release */ = {
			isa = XCBuildConfiguration;
			buildSettings = {
				ALWAYS_SEARCH_USER_PATHS = NO;
				CLANG_ANALYZER_NONNULL = YES;
				CLANG_ANALYZER_NUMBER_OBJECT_CONVERSION = YES_AGGRESSIVE;
				CLANG_CXX_LANGUAGE_STANDARD = "gnu++17";
				CLANG_CXX_LIBRARY = "libc++";
				CLANG_ENABLE_MODULES = YES;
				CLANG_ENABLE_OBJC_ARC = YES;
				CLANG_ENABLE_OBJC_WEAK = YES;
				CLANG_WARN_BLOCK_CAPTURE_AUTORELEASING = YES;
				CLANG_WARN_BOOL_CONVERSION = YES;
				CLANG_WARN_COMMA = YES;
				CLANG_WARN_CONSTANT_CONVERSION = YES;
				CLANG_WARN_DEPRECATED_OBJC_IMPLEMENTATIONS = YES;
				CLANG_WARN_DIRECT_OBJC_ISA_USAGE = YES_ERROR;
				CLANG_WARN_DOCUMENTATION_COMMENTS = YES;
				CLANG_WARN_EMPTY_BODY = YES;
				CLANG_WARN_ENUM_CONVERSION = YES;
				CLANG_WARN_INFINITE_RECURSION = YES;
				CLANG_WARN_INT_CONVERSION = YES;
				CLANG_WARN_NON_LITERAL_NULL_CONVERSION = YES;
				CLANG_WARN_OBJC_IMPLICIT_RETAIN_SELF = YES;
				CLANG_WARN_OBJC_LITERAL_CONVERSION = YES;
				CLANG_WARN_OBJC_ROOT_CLASS = YES_ERROR;
				CLANG_WARN_QUOTED_INCLUDE_IN_FRAMEWORK_HEADER = YES;
				CLANG_WARN_RANGE_LOOP_ANALYSIS = YES;
				CLANG_WARN_STRICT_PROTOTYPES = YES;
				CLANG_WARN_SUSPICIOUS_MOVE = YES;
				CLANG_WARN_UNGUARDED_AVAILABILITY = YES_AGGRESSIVE;
				CLANG_WARN_UNREACHABLE_CODE = YES;
				CLANG_WARN__DUPLICATE_METHOD_MATCH = YES;
				COPY_PHASE_STRIP = NO;
				DEBUG_INFORMATION_FORMAT = "dwarf-with-dsym";
				ENABLE_NS_ASSERTIONS = NO;
				ENABLE_STRICT_OBJC_MSGSEND = YES;
				GCC_C_LANGUAGE_STANDARD = gnu11;
				GCC_NO_COMMON_BLOCKS = YES;
				GCC_WARN_64_TO_32_BIT_CONVERSION = YES;
				GCC_WARN_ABOUT_RETURN_TYPE = YES_ERROR;
				GCC_WARN_UNDECLARED_SELECTOR = YES;
				GCC_WARN_UNINITIALIZED_AUTOS = YES_AGGRESSIVE;
				GCC_WARN_UNUSED_FUNCTION = YES;
				GCC_WARN_UNUSED_VARIABLE = YES;
				IPHONEOS_DEPLOYMENT_TARGET = 14.0;
				MTL_ENABLE_DEBUG_INFO = NO;
				MTL_FAST_MATH = YES;
				SDKROOT = iphoneos;
				SWIFT_COMPILATION_MODE = wholemodule;
				SWIFT_OPTIMIZATION_LEVEL = "-O";
				VALIDATE_PRODUCT = YES;
			};
			name = Release;
		};
		17A92D0A2801DCEC000CF34F /* Debug */ = {
			isa = XCBuildConfiguration;
			buildSettings = {
				ASSETCATALOG_COMPILER_APPICON_NAME = AppIcon;
				ASSETCATALOG_COMPILER_GLOBAL_ACCENT_COLOR_NAME = AccentColor;
				ASSETCATALOG_COMPILER_INCLUDE_ALL_APPICON_ASSETS = YES;
				CODE_SIGN_STYLE = Automatic;
				CURRENT_PROJECT_VERSION = 1;
				DEVELOPMENT_ASSET_PATHS = "\"Preview Content\"";
				DEVELOPMENT_TEAM = 7D84B8YR34;
				ENABLE_PREVIEWS = YES;
				GENERATE_INFOPLIST_FILE = YES;
				INFOPLIST_FILE = "mise-foodtracker/Info.plist";
				INFOPLIST_KEY_CFBundleDisplayName = "Food Tracker";
				INFOPLIST_KEY_LSApplicationCategoryType = "public.app-category.healthcare-fitness";
				INFOPLIST_KEY_UIApplicationSceneManifest_Generation = YES;
				INFOPLIST_KEY_UIApplicationSupportsIndirectInputEvents = YES;
				INFOPLIST_KEY_UISupportedInterfaceOrientations = UIInterfaceOrientationPortrait;
				INFOPLIST_KEY_UISupportedInterfaceOrientations_iPad = "UIInterfaceOrientationLandscapeLeft UIInterfaceOrientationLandscapeRight UIInterfaceOrientationPortrait UIInterfaceOrientationPortraitUpsideDown";
				INFOPLIST_KEY_UIUserInterfaceStyle = Automatic;
				IPHONEOS_DEPLOYMENT_TARGET = 14.0;
				LD_RUNPATH_SEARCH_PATHS = (
					"$(inherited)",
					"@executable_path/Frameworks",
				);
				MARKETING_VERSION = 1.0;
				PRODUCT_BUNDLE_IDENTIFIER = com.radek43.mise;
				PRODUCT_NAME = "mise-foodtracker";
				SUPPORTED_PLATFORMS = "iphoneos iphonesimulator";
				SUPPORTS_MACCATALYST = NO;
				SUPPORTS_MAC_DESIGNED_FOR_IPHONE_IPAD = YES;
				SWIFT_EMIT_LOC_STRINGS = YES;
				SWIFT_VERSION = 5.0;
				TARGETED_DEVICE_FAMILY = "1,2";
			};
			name = Debug;
		};
		17A92D0B2801DCEC000CF34F /* Release */ = {
			isa = XCBuildConfiguration;
			buildSettings = {
				ASSETCATALOG_COMPILER_APPICON_NAME = AppIcon;
				ASSETCATALOG_COMPILER_GLOBAL_ACCENT_COLOR_NAME = AccentColor;
				ASSETCATALOG_COMPILER_INCLUDE_ALL_APPICON_ASSETS = YES;
				CODE_SIGN_STYLE = Automatic;
				CURRENT_PROJECT_VERSION = 1;
				DEVELOPMENT_ASSET_PATHS = "\"Preview Content\"";
				DEVELOPMENT_TEAM = 7D84B8YR34;
				ENABLE_PREVIEWS = YES;
				GENERATE_INFOPLIST_FILE = YES;
				INFOPLIST_FILE = "mise-foodtracker/Info.plist";
				INFOPLIST_KEY_CFBundleDisplayName = "Food Tracker";
				INFOPLIST_KEY_LSApplicationCategoryType = "public.app-category.healthcare-fitness";
				INFOPLIST_KEY_UIApplicationSceneManifest_Generation = YES;
				INFOPLIST_KEY_UIApplicationSupportsIndirectInputEvents = YES;
				INFOPLIST_KEY_UISupportedInterfaceOrientations = UIInterfaceOrientationPortrait;
				INFOPLIST_KEY_UISupportedInterfaceOrientations_iPad = "UIInterfaceOrientationLandscapeLeft UIInterfaceOrientationLandscapeRight UIInterfaceOrientationPortrait UIInterfaceOrientationPortraitUpsideDown";
				INFOPLIST_KEY_UIUserInterfaceStyle = Automatic;
				IPHONEOS_DEPLOYMENT_TARGET = 14.0;
				LD_RUNPATH_SEARCH_PATHS = (
					"$(inherited)",
					"@executable_path/Frameworks",
				);
				MARKETING_VERSION = 1.0;
				PRODUCT_BUNDLE_IDENTIFIER = com.radek43.mise;
				PRODUCT_NAME = "mise-foodtracker";
				SUPPORTED_PLATFORMS = "iphoneos iphonesimulator";
				SUPPORTS_MACCATALYST = NO;
				SUPPORTS_MAC_DESIGNED_FOR_IPHONE_IPAD = YES;
				SWIFT_EMIT_LOC_STRINGS = YES;
				SWIFT_VERSION = 5.0;
				TARGETED_DEVICE_FAMILY = "1,2";
			};
			name = Release;
		};
/* End XCBuildConfiguration section */

/* Begin XCConfigurationList section */
		17A92CF62801DCEA000CF34F /* Build configuration list for PBXProject "mise-foodtracker" */ = {
			isa = XCConfigurationList;
			buildConfigurations = (
				17A92D072801DCEC000CF34F /* Debug */,
				17A92D082801DCEC000CF34F /* Release */,
			);
			defaultConfigurationIsVisible = 0;
			defaultConfigurationName = Release;
		};
		17A92D092801DCEC000CF34F /* Build configuration list for PBXNativeTarget "mise-foodtracker" */ = {
			isa = XCConfigurationList;
			buildConfigurations = (
				17A92D0A2801DCEC000CF34F /* Debug */,
				17A92D0B2801DCEC000CF34F /* Release */,
			);
			defaultConfigurationIsVisible = 0;
			defaultConfigurationName = Release;
		};
/* End XCConfigurationList section */

/* Begin XCRemoteSwiftPackageReference section */
		17CC53ED2827E1A7006A8FFD /* XCRemoteSwiftPackageReference "ChartView" */ = {
			isa = XCRemoteSwiftPackageReference;
			repositoryURL = "https://github.com/AppPear/ChartView";
			requirement = {
				kind = exactVersion;
				version = "2.0.0-beta.8";
			};
		};
		2C3F85FC29ED28B600B47AF6 /* XCRemoteSwiftPackageReference "SDWebImageSwiftUI" */ = {
			isa = XCRemoteSwiftPackageReference;
			repositoryURL = "https://github.com/SDWebImage/SDWebImageSwiftUI.git";
			requirement = {
				kind = upToNextMajorVersion;
				minimumVersion = 2.0.0;
			};
		};
		2CED766C29D5A5850093E035 /* XCRemoteSwiftPackageReference "KeyboardToolbarsSwiftUI" */ = {
			isa = XCRemoteSwiftPackageReference;
			repositoryURL = "https://github.com/ArnavMotwani/KeyboardToolbarsSwiftUI.git";
			requirement = {
				kind = upToNextMajorVersion;
				minimumVersion = 1.0.0;
			};
		};
/* End XCRemoteSwiftPackageReference section */

/* Begin XCSwiftPackageProductDependency section */
		17CC53EE2827E1A7006A8FFD /* SwiftUICharts */ = {
			isa = XCSwiftPackageProductDependency;
			package = 17CC53ED2827E1A7006A8FFD /* XCRemoteSwiftPackageReference "ChartView" */;
			productName = SwiftUICharts;
		};
		2C3F85FD29ED28B600B47AF6 /* SDWebImageSwiftUI */ = {
			isa = XCSwiftPackageProductDependency;
			package = 2C3F85FC29ED28B600B47AF6 /* XCRemoteSwiftPackageReference "SDWebImageSwiftUI" */;
			productName = SDWebImageSwiftUI;
		};
		2CED766D29D5A5850093E035 /* KeyboardToolbars */ = {
			isa = XCSwiftPackageProductDependency;
			package = 2CED766C29D5A5850093E035 /* XCRemoteSwiftPackageReference "KeyboardToolbarsSwiftUI" */;
			productName = KeyboardToolbars;
		};
/* End XCSwiftPackageProductDependency section */
	};
	rootObject = 17A92CF32801DCEA000CF34F /* Project object */;
}
